// !$*UTF8*$!
{
	archiveVersion = 1;
	classes = {
	};
	objectVersion = 50;
	objects = {

/* Begin PBXBuildFile section */
		1A6661706C680801D41B7942 /* LLDPlatformCell.m in Sources */ = {isa = PBXBuildFile; fileRef = 1A6663E9D0D44DBAF04D7A7A /* LLDPlatformCell.m */; };
		1A6663A4A5D580317765E6E9 /* LLDPlatform.json in Resources */ = {isa = PBXBuildFile; fileRef = 1A666A647DD6544631A52487 /* LLDPlatform.json */; };
		1A666E1ECEAD6B7C5F356C31 /* LLDPlatformDto.m in Sources */ = {isa = PBXBuildFile; fileRef = 1A66679CCDEC302BCB1E5514 /* LLDPlatformDto.m */; };
		25B5EE9121D235880048389C /* LDNetworkManager.m in Sources */ = {isa = PBXBuildFile; fileRef = 25B5EE3621D235880048389C /* LDNetworkManager.m */; };
		25B5EE9221D235880048389C /* LDSDKManagerDataVM.m in Sources */ = {isa = PBXBuildFile; fileRef = 25B5EE3821D235880048389C /* LDSDKManagerDataVM.m */; };
		25B5EE9321D235880048389C /* LDSDKConfig.m in Sources */ = {isa = PBXBuildFile; fileRef = 25B5EE3921D235880048389C /* LDSDKConfig.m */; };
		25B5EE9421D235880048389C /* LDSDKManager.m in Sources */ = {isa = PBXBuildFile; fileRef = 25B5EE3A21D235880048389C /* LDSDKManager.m */; };
		25B5EE9521D235880048389C /* MCShareConfigDto.m in Sources */ = {isa = PBXBuildFile; fileRef = 25B5EE3C21D235880048389C /* MCShareConfigDto.m */; };
		25B5EE9621D235880048389C /* MCShareVideoDto.m in Sources */ = {isa = PBXBuildFile; fileRef = 25B5EE3D21D235880048389C /* MCShareVideoDto.m */; };
		25B5EE9821D235880048389C /* MCShareNewsDto.m in Sources */ = {isa = PBXBuildFile; fileRef = 25B5EE3F21D235880048389C /* MCShareNewsDto.m */; };
		25B5EE9921D235880048389C /* MCShareMiniProgramDto.m in Sources */ = {isa = PBXBuildFile; fileRef = 25B5EE4021D235880048389C /* MCShareMiniProgramDto.m */; };
		25B5EE9A21D235880048389C /* MCBaseShareDto.m in Sources */ = {isa = PBXBuildFile; fileRef = 25B5EE4221D235880048389C /* MCBaseShareDto.m */; };
		25B5EE9B21D235880048389C /* MCShareImageDto.m in Sources */ = {isa = PBXBuildFile; fileRef = 25B5EE4421D235880048389C /* MCShareImageDto.m */; };
		25B5EE9C21D235880048389C /* MCShareTextDto.m in Sources */ = {isa = PBXBuildFile; fileRef = 25B5EE4521D235880048389C /* MCShareTextDto.m */; };
		25B5EE9D21D235880048389C /* MCShareAudioDto.m in Sources */ = {isa = PBXBuildFile; fileRef = 25B5EE4621D235880048389C /* MCShareAudioDto.m */; };
		25B5EE9E21D235880048389C /* MCResultDto.m in Sources */ = {isa = PBXBuildFile; fileRef = 25B5EE4D21D235880048389C /* MCResultDto.m */; };
		25B5EE9F21D235880048389C /* MCShareFileDto.m in Sources */ = {isa = PBXBuildFile; fileRef = 25B5EE4E21D235880048389C /* MCShareFileDto.m */; };
		25B5EEA021D235880048389C /* NSDictionary+Extend.m in Sources */ = {isa = PBXBuildFile; fileRef = 25B5EE5621D235880048389C /* NSDictionary+Extend.m */; };
		25B5EEA121D235880048389C /* UIImage+LDExtend.m in Sources */ = {isa = PBXBuildFile; fileRef = 25B5EE5721D235880048389C /* UIImage+LDExtend.m */; };
		25B5EEA221D235880048389C /* NSString+Extend.m in Sources */ = {isa = PBXBuildFile; fileRef = 25B5EE5821D235880048389C /* NSString+Extend.m */; };
		25B5EEA321D235880048389C /* LDSDKTelegramDataVM.m in Sources */ = {isa = PBXBuildFile; fileRef = 25B5EE6521D235880048389C /* LDSDKTelegramDataVM.m */; };
		25B5EEA421D235880048389C /* LDSDKTelegramServiceImp.m in Sources */ = {isa = PBXBuildFile; fileRef = 25B5EE6721D235880048389C /* LDSDKTelegramServiceImp.m */; };
		25B5EEA521D235880048389C /* LDSDKQQServiceImp.m in Sources */ = {isa = PBXBuildFile; fileRef = 25B5EE6B21D235880048389C /* LDSDKQQServiceImp.m */; };
		25B5EEA621D235880048389C /* QQApiObject+Extend.m in Sources */ = {isa = PBXBuildFile; fileRef = 25B5EE6C21D235880048389C /* QQApiObject+Extend.m */; };
		25B5EEA721D235880048389C /* LDSDKQQServiceImpDataVM.m in Sources */ = {isa = PBXBuildFile; fileRef = 25B5EE6E21D235880048389C /* LDSDKQQServiceImpDataVM.m */; };
		25B5EEA821D235890048389C /* WBMessageObject+Extend.m in Sources */ = {isa = PBXBuildFile; fileRef = 25B5EE7121D235880048389C /* WBMessageObject+Extend.m */; };
		25B5EEA921D235890048389C /* LDSDKWeiboDataVM.m in Sources */ = {isa = PBXBuildFile; fileRef = 25B5EE7221D235880048389C /* LDSDKWeiboDataVM.m */; };
		25B5EEAA21D235890048389C /* LDSDKWeiboServiceImpl.m in Sources */ = {isa = PBXBuildFile; fileRef = 25B5EE7321D235880048389C /* LDSDKWeiboServiceImpl.m */; };
		25B5EEAB21D235890048389C /* LDSDKWechatServiceImp.m in Sources */ = {isa = PBXBuildFile; fileRef = 25B5EE7A21D235880048389C /* LDSDKWechatServiceImp.m */; };
		25B5EEAC21D235890048389C /* WechatApiExtend.m in Sources */ = {isa = PBXBuildFile; fileRef = 25B5EE7B21D235880048389C /* WechatApiExtend.m */; };
		25B5EEAD21D235890048389C /* LDSDKWechatImpDataVM.m in Sources */ = {isa = PBXBuildFile; fileRef = 25B5EE7C21D235880048389C /* LDSDKWechatImpDataVM.m */; };
		25B5EEAE21D235890048389C /* NSDictionary+LDSDKAdditions.m in Sources */ = {isa = PBXBuildFile; fileRef = 25B5EE8021D235880048389C /* NSDictionary+LDSDKAdditions.m */; };
		25B5EEAF21D235890048389C /* NSString+LDSDKAdditions.m in Sources */ = {isa = PBXBuildFile; fileRef = 25B5EE8121D235880048389C /* NSString+LDSDKAdditions.m */; };
		25B5EEB021D235890048389C /* LDSDKAliPayServiceImp.m in Sources */ = {isa = PBXBuildFile; fileRef = 25B5EE8421D235880048389C /* LDSDKAliPayServiceImp.m */; };
		25B5EEB121D235890048389C /* APBaseReq+Extend.m in Sources */ = {isa = PBXBuildFile; fileRef = 25B5EE8521D235880048389C /* APBaseReq+Extend.m */; };
		25B5EEB221D235890048389C /* LDSDKAliPayDataVM.m in Sources */ = {isa = PBXBuildFile; fileRef = 25B5EE8821D235880048389C /* LDSDKAliPayDataVM.m */; };
		25B5EEB321D235890048389C /* LDSDKDingTalkDataVM.m in Sources */ = {isa = PBXBuildFile; fileRef = 25B5EE8E21D235880048389C /* LDSDKDingTalkDataVM.m */; };
		25B5EEB421D235890048389C /* DTBaseReq+Extend.m in Sources */ = {isa = PBXBuildFile; fileRef = 25B5EE8F21D235880048389C /* DTBaseReq+Extend.m */; };
		25B5EEB521D235890048389C /* LDSDKDingTalkServiceImp.m in Sources */ = {isa = PBXBuildFile; fileRef = 25B5EE9021D235880048389C /* LDSDKDingTalkServiceImp.m */; };
		25BED6A121B23078000EBCB4 /* AppDelegate.m in Sources */ = {isa = PBXBuildFile; fileRef = 25BED6A021B23078000EBCB4 /* AppDelegate.m */; };
		25BED6A421B23078000EBCB4 /* ViewController.m in Sources */ = {isa = PBXBuildFile; fileRef = 25BED6A321B23078000EBCB4 /* ViewController.m */; };
		25BED6A721B23078000EBCB4 /* Main.storyboard in Resources */ = {isa = PBXBuildFile; fileRef = 25BED6A521B23078000EBCB4 /* Main.storyboard */; };
		25BED6A921B23079000EBCB4 /* Assets.xcassets in Resources */ = {isa = PBXBuildFile; fileRef = 25BED6A821B23079000EBCB4 /* Assets.xcassets */; };
		25BED6AC21B23079000EBCB4 /* LaunchScreen.storyboard in Resources */ = {isa = PBXBuildFile; fileRef = 25BED6AA21B23079000EBCB4 /* LaunchScreen.storyboard */; };
		25BED6AF21B23079000EBCB4 /* main.m in Sources */ = {isa = PBXBuildFile; fileRef = 25BED6AE21B23079000EBCB4 /* main.m */; };
		25BED6E121B2314E000EBCB4 /* LLDViewDataVM.m in Sources */ = {isa = PBXBuildFile; fileRef = 25BED6B721B2314D000EBCB4 /* LLDViewDataVM.m */; };
		25BED6E221B2314E000EBCB4 /* LLDViewController.m in Sources */ = {isa = PBXBuildFile; fileRef = 25BED6B821B2314D000EBCB4 /* LLDViewController.m */; };
		25CAC7CD21BBAA3100F0C267 /* think.jpg in Resources */ = {isa = PBXBuildFile; fileRef = 25CAC7CC21BBAA3100F0C267 /* think.jpg */; };
		25CAC83521BBAF1100F0C267 /* media.mp4 in Resources */ = {isa = PBXBuildFile; fileRef = 25CAC83421BBAF1100F0C267 /* media.mp4 */; };
		B2E1CB74B53D4DFBF93169C4 /* libPods-LDSDKManager_SDK_Example.a in Frameworks */ = {isa = PBXBuildFile; fileRef = BF1791953689D19644724296 /* libPods-LDSDKManager_SDK_Example.a */; };
/* End PBXBuildFile section */

/* Begin PBXFileReference section */
		1A666104BE4EE4F90B3F7772 /* LLDPlatformDto.h */ = {isa = PBXFileReference; fileEncoding = 4; lastKnownFileType = sourcecode.c.h; path = LLDPlatformDto.h; sourceTree = "<group>"; };
		1A66611B79FA9885F8402C13 /* LLDPlatformCell.h */ = {isa = PBXFileReference; fileEncoding = 4; lastKnownFileType = sourcecode.c.h; path = LLDPlatformCell.h; sourceTree = "<group>"; };
		1A6663E9D0D44DBAF04D7A7A /* LLDPlatformCell.m */ = {isa = PBXFileReference; fileEncoding = 4; lastKnownFileType = sourcecode.c.objc; path = LLDPlatformCell.m; sourceTree = "<group>"; };
		1A66653B7905552ED02382B7 /* LDSDKManager.podspec */ = {isa = PBXFileReference; lastKnownFileType = file.podspec; name = LDSDKManager.podspec; path = ../LDSDKManager.podspec; sourceTree = "<group>"; };
		1A66679CCDEC302BCB1E5514 /* LLDPlatformDto.m */ = {isa = PBXFileReference; fileEncoding = 4; lastKnownFileType = sourcecode.c.objc; path = LLDPlatformDto.m; sourceTree = "<group>"; };
		1A666A647DD6544631A52487 /* LLDPlatform.json */ = {isa = PBXFileReference; fileEncoding = 4; lastKnownFileType = text.json; path = LLDPlatform.json; sourceTree = "<group>"; };
		1A666B0B7DC51DB12BAFBC12 /* LDSDKManager.h */ = {isa = PBXFileReference; fileEncoding = 4; lastKnownFileType = sourcecode.c.h; path = LDSDKManager.h; sourceTree = "<group>"; };
		1A666C2C63C803A817872234 /* README.md */ = {isa = PBXFileReference; fileEncoding = 4; lastKnownFileType = net.daringfireball.markdown; name = README.md; path = ../README.md; sourceTree = "<group>"; };
		25B5EE3621D235880048389C /* LDNetworkManager.m */ = {isa = PBXFileReference; fileEncoding = 4; lastKnownFileType = sourcecode.c.objc; path = LDNetworkManager.m; sourceTree = "<group>"; };
		25B5EE3721D235880048389C /* LDNetworkManager.h */ = {isa = PBXFileReference; fileEncoding = 4; lastKnownFileType = sourcecode.c.h; path = LDNetworkManager.h; sourceTree = "<group>"; };
		25B5EE3821D235880048389C /* LDSDKManagerDataVM.m */ = {isa = PBXFileReference; fileEncoding = 4; lastKnownFileType = sourcecode.c.objc; path = LDSDKManagerDataVM.m; sourceTree = "<group>"; };
		25B5EE3921D235880048389C /* LDSDKConfig.m */ = {isa = PBXFileReference; fileEncoding = 4; lastKnownFileType = sourcecode.c.objc; path = LDSDKConfig.m; sourceTree = "<group>"; };
		25B5EE3A21D235880048389C /* LDSDKManager.m */ = {isa = PBXFileReference; fileEncoding = 4; lastKnownFileType = sourcecode.c.objc; path = LDSDKManager.m; sourceTree = "<group>"; };
		25B5EE3C21D235880048389C /* MCShareConfigDto.m */ = {isa = PBXFileReference; fileEncoding = 4; lastKnownFileType = sourcecode.c.objc; path = MCShareConfigDto.m; sourceTree = "<group>"; };
		25B5EE3D21D235880048389C /* MCShareVideoDto.m */ = {isa = PBXFileReference; fileEncoding = 4; lastKnownFileType = sourcecode.c.objc; path = MCShareVideoDto.m; sourceTree = "<group>"; };
		25B5EE3F21D235880048389C /* MCShareNewsDto.m */ = {isa = PBXFileReference; fileEncoding = 4; lastKnownFileType = sourcecode.c.objc; path = MCShareNewsDto.m; sourceTree = "<group>"; };
		25B5EE4021D235880048389C /* MCShareMiniProgramDto.m */ = {isa = PBXFileReference; fileEncoding = 4; lastKnownFileType = sourcecode.c.objc; path = MCShareMiniProgramDto.m; sourceTree = "<group>"; };
		25B5EE4121D235880048389C /* MCShareFileDto.h */ = {isa = PBXFileReference; fileEncoding = 4; lastKnownFileType = sourcecode.c.h; path = MCShareFileDto.h; sourceTree = "<group>"; };
		25B5EE4221D235880048389C /* MCBaseShareDto.m */ = {isa = PBXFileReference; fileEncoding = 4; lastKnownFileType = sourcecode.c.objc; path = MCBaseShareDto.m; sourceTree = "<group>"; };
		25B5EE4321D235880048389C /* MCResultDto.h */ = {isa = PBXFileReference; fileEncoding = 4; lastKnownFileType = sourcecode.c.h; path = MCResultDto.h; sourceTree = "<group>"; };
		25B5EE4421D235880048389C /* MCShareImageDto.m */ = {isa = PBXFileReference; fileEncoding = 4; lastKnownFileType = sourcecode.c.objc; path = MCShareImageDto.m; sourceTree = "<group>"; };
		25B5EE4521D235880048389C /* MCShareTextDto.m */ = {isa = PBXFileReference; fileEncoding = 4; lastKnownFileType = sourcecode.c.objc; path = MCShareTextDto.m; sourceTree = "<group>"; };
		25B5EE4621D235880048389C /* MCShareAudioDto.m */ = {isa = PBXFileReference; fileEncoding = 4; lastKnownFileType = sourcecode.c.objc; path = MCShareAudioDto.m; sourceTree = "<group>"; };
		25B5EE4721D235880048389C /* MCShareNewsDto.h */ = {isa = PBXFileReference; fileEncoding = 4; lastKnownFileType = sourcecode.c.h; path = MCShareNewsDto.h; sourceTree = "<group>"; };
		25B5EE4821D235880048389C /* MCShareVideoDto.h */ = {isa = PBXFileReference; fileEncoding = 4; lastKnownFileType = sourcecode.c.h; path = MCShareVideoDto.h; sourceTree = "<group>"; };
		25B5EE4A21D235880048389C /* MCShareConfigDto.h */ = {isa = PBXFileReference; fileEncoding = 4; lastKnownFileType = sourcecode.c.h; path = MCShareConfigDto.h; sourceTree = "<group>"; };
		25B5EE4B21D235880048389C /* MCShareMiniProgramDto.h */ = {isa = PBXFileReference; fileEncoding = 4; lastKnownFileType = sourcecode.c.h; path = MCShareMiniProgramDto.h; sourceTree = "<group>"; };
		25B5EE4C21D235880048389C /* MCShareImageDto.h */ = {isa = PBXFileReference; fileEncoding = 4; lastKnownFileType = sourcecode.c.h; path = MCShareImageDto.h; sourceTree = "<group>"; };
		25B5EE4D21D235880048389C /* MCResultDto.m */ = {isa = PBXFileReference; fileEncoding = 4; lastKnownFileType = sourcecode.c.objc; path = MCResultDto.m; sourceTree = "<group>"; };
		25B5EE4E21D235880048389C /* MCShareFileDto.m */ = {isa = PBXFileReference; fileEncoding = 4; lastKnownFileType = sourcecode.c.objc; path = MCShareFileDto.m; sourceTree = "<group>"; };
		25B5EE4F21D235880048389C /* MCBaseShareDto.h */ = {isa = PBXFileReference; fileEncoding = 4; lastKnownFileType = sourcecode.c.h; path = MCBaseShareDto.h; sourceTree = "<group>"; };
		25B5EE5021D235880048389C /* MCShareAudioDto.h */ = {isa = PBXFileReference; fileEncoding = 4; lastKnownFileType = sourcecode.c.h; path = MCShareAudioDto.h; sourceTree = "<group>"; };
		25B5EE5121D235880048389C /* MCShareTextDto.h */ = {isa = PBXFileReference; fileEncoding = 4; lastKnownFileType = sourcecode.c.h; path = MCShareTextDto.h; sourceTree = "<group>"; };
		25B5EE5321D235880048389C /* UIImage+LDExtend.h */ = {isa = PBXFileReference; fileEncoding = 4; lastKnownFileType = sourcecode.c.h; path = "UIImage+LDExtend.h"; sourceTree = "<group>"; };
		25B5EE5421D235880048389C /* NSDictionary+Extend.h */ = {isa = PBXFileReference; fileEncoding = 4; lastKnownFileType = sourcecode.c.h; path = "NSDictionary+Extend.h"; sourceTree = "<group>"; };
		25B5EE5521D235880048389C /* NSString+Extend.h */ = {isa = PBXFileReference; fileEncoding = 4; lastKnownFileType = sourcecode.c.h; path = "NSString+Extend.h"; sourceTree = "<group>"; };
		25B5EE5621D235880048389C /* NSDictionary+Extend.m */ = {isa = PBXFileReference; fileEncoding = 4; lastKnownFileType = sourcecode.c.objc; path = "NSDictionary+Extend.m"; sourceTree = "<group>"; };
		25B5EE5721D235880048389C /* UIImage+LDExtend.m */ = {isa = PBXFileReference; fileEncoding = 4; lastKnownFileType = sourcecode.c.objc; path = "UIImage+LDExtend.m"; sourceTree = "<group>"; };
		25B5EE5821D235880048389C /* NSString+Extend.m */ = {isa = PBXFileReference; fileEncoding = 4; lastKnownFileType = sourcecode.c.objc; path = "NSString+Extend.m"; sourceTree = "<group>"; };
		25B5EE5A21D235880048389C /* LDSDKExtendProtocol.h */ = {isa = PBXFileReference; fileEncoding = 4; lastKnownFileType = sourcecode.c.h; path = LDSDKExtendProtocol.h; sourceTree = "<group>"; };
		25B5EE5B21D235880048389C /* LDSDKRegisterService.h */ = {isa = PBXFileReference; fileEncoding = 4; lastKnownFileType = sourcecode.c.h; path = LDSDKRegisterService.h; sourceTree = "<group>"; };
		25B5EE5C21D235880048389C /* LDSDKHandleURLProtocol.h */ = {isa = PBXFileReference; fileEncoding = 4; lastKnownFileType = sourcecode.c.h; path = LDSDKHandleURLProtocol.h; sourceTree = "<group>"; };
		25B5EE5D21D235880048389C /* LDSDKPayService.h */ = {isa = PBXFileReference; fileEncoding = 4; lastKnownFileType = sourcecode.c.h; path = LDSDKPayService.h; sourceTree = "<group>"; };
		25B5EE5E21D235880048389C /* LDSDKShareDataVMService.h */ = {isa = PBXFileReference; fileEncoding = 4; lastKnownFileType = sourcecode.c.h; path = LDSDKShareDataVMService.h; sourceTree = "<group>"; };
		25B5EE5F21D235880048389C /* LDSDKShareService.h */ = {isa = PBXFileReference; fileEncoding = 4; lastKnownFileType = sourcecode.c.h; path = LDSDKShareService.h; sourceTree = "<group>"; };
		25B5EE6021D235880048389C /* LDSDKAuthService.h */ = {isa = PBXFileReference; fileEncoding = 4; lastKnownFileType = sourcecode.c.h; path = LDSDKAuthService.h; sourceTree = "<group>"; };
		25B5EE6121D235880048389C /* LDSDKConfig.h */ = {isa = PBXFileReference; fileEncoding = 4; lastKnownFileType = sourcecode.c.h; path = LDSDKConfig.h; sourceTree = "<group>"; };
		25B5EE6221D235880048389C /* LDSDKManagerDataVM.h */ = {isa = PBXFileReference; fileEncoding = 4; lastKnownFileType = sourcecode.c.h; path = LDSDKManagerDataVM.h; sourceTree = "<group>"; };
		25B5EE6321D235880048389C /* LDSDKManager.h */ = {isa = PBXFileReference; fileEncoding = 4; lastKnownFileType = sourcecode.c.h; path = LDSDKManager.h; sourceTree = "<group>"; };
		25B5EE6521D235880048389C /* LDSDKTelegramDataVM.m */ = {isa = PBXFileReference; fileEncoding = 4; lastKnownFileType = sourcecode.c.objc; path = LDSDKTelegramDataVM.m; sourceTree = "<group>"; };
		25B5EE6621D235880048389C /* LDSDKTelegramServiceImp.h */ = {isa = PBXFileReference; fileEncoding = 4; lastKnownFileType = sourcecode.c.h; path = LDSDKTelegramServiceImp.h; sourceTree = "<group>"; };
		25B5EE6721D235880048389C /* LDSDKTelegramServiceImp.m */ = {isa = PBXFileReference; fileEncoding = 4; lastKnownFileType = sourcecode.c.objc; path = LDSDKTelegramServiceImp.m; sourceTree = "<group>"; };
		25B5EE6821D235880048389C /* LDSDKTelegramDataVM.h */ = {isa = PBXFileReference; fileEncoding = 4; lastKnownFileType = sourcecode.c.h; path = LDSDKTelegramDataVM.h; sourceTree = "<group>"; };
		25B5EE6A21D235880048389C /* LDSDKQQServiceImpDataVM.h */ = {isa = PBXFileReference; fileEncoding = 4; lastKnownFileType = sourcecode.c.h; path = LDSDKQQServiceImpDataVM.h; sourceTree = "<group>"; };
		25B5EE6B21D235880048389C /* LDSDKQQServiceImp.m */ = {isa = PBXFileReference; fileEncoding = 4; lastKnownFileType = sourcecode.c.objc; path = LDSDKQQServiceImp.m; sourceTree = "<group>"; };
		25B5EE6C21D235880048389C /* QQApiObject+Extend.m */ = {isa = PBXFileReference; fileEncoding = 4; lastKnownFileType = sourcecode.c.objc; path = "QQApiObject+Extend.m"; sourceTree = "<group>"; };
		25B5EE6D21D235880048389C /* LDSDKQQServiceImp.h */ = {isa = PBXFileReference; fileEncoding = 4; lastKnownFileType = sourcecode.c.h; path = LDSDKQQServiceImp.h; sourceTree = "<group>"; };
		25B5EE6E21D235880048389C /* LDSDKQQServiceImpDataVM.m */ = {isa = PBXFileReference; fileEncoding = 4; lastKnownFileType = sourcecode.c.objc; path = LDSDKQQServiceImpDataVM.m; sourceTree = "<group>"; };
		25B5EE6F21D235880048389C /* QQApiObject+Extend.h */ = {isa = PBXFileReference; fileEncoding = 4; lastKnownFileType = sourcecode.c.h; path = "QQApiObject+Extend.h"; sourceTree = "<group>"; };
		25B5EE7121D235880048389C /* WBMessageObject+Extend.m */ = {isa = PBXFileReference; fileEncoding = 4; lastKnownFileType = sourcecode.c.objc; path = "WBMessageObject+Extend.m"; sourceTree = "<group>"; };
		25B5EE7221D235880048389C /* LDSDKWeiboDataVM.m */ = {isa = PBXFileReference; fileEncoding = 4; lastKnownFileType = sourcecode.c.objc; path = LDSDKWeiboDataVM.m; sourceTree = "<group>"; };
		25B5EE7321D235880048389C /* LDSDKWeiboServiceImpl.m */ = {isa = PBXFileReference; fileEncoding = 4; lastKnownFileType = sourcecode.c.objc; path = LDSDKWeiboServiceImpl.m; sourceTree = "<group>"; };
		25B5EE7421D235880048389C /* LDSDKWeiboDataVM.h */ = {isa = PBXFileReference; fileEncoding = 4; lastKnownFileType = sourcecode.c.h; path = LDSDKWeiboDataVM.h; sourceTree = "<group>"; };
		25B5EE7521D235880048389C /* WBMessageObject+Extend.h */ = {isa = PBXFileReference; fileEncoding = 4; lastKnownFileType = sourcecode.c.h; path = "WBMessageObject+Extend.h"; sourceTree = "<group>"; };
		25B5EE7621D235880048389C /* LDSDKWeiboServiceImpl.h */ = {isa = PBXFileReference; fileEncoding = 4; lastKnownFileType = sourcecode.c.h; path = LDSDKWeiboServiceImpl.h; sourceTree = "<group>"; };
		25B5EE7821D235880048389C /* LDSDKWechatImpDataVM.h */ = {isa = PBXFileReference; fileEncoding = 4; lastKnownFileType = sourcecode.c.h; path = LDSDKWechatImpDataVM.h; sourceTree = "<group>"; };
		25B5EE7921D235880048389C /* WechatApiExtend.h */ = {isa = PBXFileReference; fileEncoding = 4; lastKnownFileType = sourcecode.c.h; path = WechatApiExtend.h; sourceTree = "<group>"; };
		25B5EE7A21D235880048389C /* LDSDKWechatServiceImp.m */ = {isa = PBXFileReference; fileEncoding = 4; lastKnownFileType = sourcecode.c.objc; path = LDSDKWechatServiceImp.m; sourceTree = "<group>"; };
		25B5EE7B21D235880048389C /* WechatApiExtend.m */ = {isa = PBXFileReference; fileEncoding = 4; lastKnownFileType = sourcecode.c.objc; path = WechatApiExtend.m; sourceTree = "<group>"; };
		25B5EE7C21D235880048389C /* LDSDKWechatImpDataVM.m */ = {isa = PBXFileReference; fileEncoding = 4; lastKnownFileType = sourcecode.c.objc; path = LDSDKWechatImpDataVM.m; sourceTree = "<group>"; };
		25B5EE7E21D235880048389C /* NSString+LDSDKAdditions.h */ = {isa = PBXFileReference; fileEncoding = 4; lastKnownFileType = sourcecode.c.h; path = "NSString+LDSDKAdditions.h"; sourceTree = "<group>"; };
		25B5EE7F21D235880048389C /* NSDictionary+LDSDKAdditions.h */ = {isa = PBXFileReference; fileEncoding = 4; lastKnownFileType = sourcecode.c.h; path = "NSDictionary+LDSDKAdditions.h"; sourceTree = "<group>"; };
		25B5EE8021D235880048389C /* NSDictionary+LDSDKAdditions.m */ = {isa = PBXFileReference; fileEncoding = 4; lastKnownFileType = sourcecode.c.objc; path = "NSDictionary+LDSDKAdditions.m"; sourceTree = "<group>"; };
		25B5EE8121D235880048389C /* NSString+LDSDKAdditions.m */ = {isa = PBXFileReference; fileEncoding = 4; lastKnownFileType = sourcecode.c.objc; path = "NSString+LDSDKAdditions.m"; sourceTree = "<group>"; };
		25B5EE8221D235880048389C /* LDSDKWechatServiceImp.h */ = {isa = PBXFileReference; fileEncoding = 4; lastKnownFileType = sourcecode.c.h; path = LDSDKWechatServiceImp.h; sourceTree = "<group>"; };
		25B5EE8421D235880048389C /* LDSDKAliPayServiceImp.m */ = {isa = PBXFileReference; fileEncoding = 4; lastKnownFileType = sourcecode.c.objc; path = LDSDKAliPayServiceImp.m; sourceTree = "<group>"; };
		25B5EE8521D235880048389C /* APBaseReq+Extend.m */ = {isa = PBXFileReference; fileEncoding = 4; lastKnownFileType = sourcecode.c.objc; path = "APBaseReq+Extend.m"; sourceTree = "<group>"; };
		25B5EE8621D235880048389C /* LDSDKAliPayDataVM.h */ = {isa = PBXFileReference; fileEncoding = 4; lastKnownFileType = sourcecode.c.h; path = LDSDKAliPayDataVM.h; sourceTree = "<group>"; };
		25B5EE8721D235880048389C /* LDSDKAliPayServiceImp.h */ = {isa = PBXFileReference; fileEncoding = 4; lastKnownFileType = sourcecode.c.h; path = LDSDKAliPayServiceImp.h; sourceTree = "<group>"; };
		25B5EE8821D235880048389C /* LDSDKAliPayDataVM.m */ = {isa = PBXFileReference; fileEncoding = 4; lastKnownFileType = sourcecode.c.objc; path = LDSDKAliPayDataVM.m; sourceTree = "<group>"; };
		25B5EE8921D235880048389C /* APBaseReq+Extend.h */ = {isa = PBXFileReference; fileEncoding = 4; lastKnownFileType = sourcecode.c.h; path = "APBaseReq+Extend.h"; sourceTree = "<group>"; };
		25B5EE8B21D235880048389C /* DTBaseReq+Extend.h */ = {isa = PBXFileReference; fileEncoding = 4; lastKnownFileType = sourcecode.c.h; path = "DTBaseReq+Extend.h"; sourceTree = "<group>"; };
		25B5EE8C21D235880048389C /* LDSDKDingTalkDataVM.h */ = {isa = PBXFileReference; fileEncoding = 4; lastKnownFileType = sourcecode.c.h; path = LDSDKDingTalkDataVM.h; sourceTree = "<group>"; };
		25B5EE8D21D235880048389C /* LDSDKDingTalkServiceImp.h */ = {isa = PBXFileReference; fileEncoding = 4; lastKnownFileType = sourcecode.c.h; path = LDSDKDingTalkServiceImp.h; sourceTree = "<group>"; };
		25B5EE8E21D235880048389C /* LDSDKDingTalkDataVM.m */ = {isa = PBXFileReference; fileEncoding = 4; lastKnownFileType = sourcecode.c.objc; path = LDSDKDingTalkDataVM.m; sourceTree = "<group>"; };
		25B5EE8F21D235880048389C /* DTBaseReq+Extend.m */ = {isa = PBXFileReference; fileEncoding = 4; lastKnownFileType = sourcecode.c.objc; path = "DTBaseReq+Extend.m"; sourceTree = "<group>"; };
		25B5EE9021D235880048389C /* LDSDKDingTalkServiceImp.m */ = {isa = PBXFileReference; fileEncoding = 4; lastKnownFileType = sourcecode.c.objc; path = LDSDKDingTalkServiceImp.m; sourceTree = "<group>"; };
		25BED69C21B23078000EBCB4 /* LDSDKManager_SDK_Example.app */ = {isa = PBXFileReference; explicitFileType = wrapper.application; includeInIndex = 0; path = LDSDKManager_SDK_Example.app; sourceTree = BUILT_PRODUCTS_DIR; };
		25BED69F21B23078000EBCB4 /* AppDelegate.h */ = {isa = PBXFileReference; lastKnownFileType = sourcecode.c.h; path = AppDelegate.h; sourceTree = "<group>"; };
		25BED6A021B23078000EBCB4 /* AppDelegate.m */ = {isa = PBXFileReference; lastKnownFileType = sourcecode.c.objc; path = AppDelegate.m; sourceTree = "<group>"; };
		25BED6A221B23078000EBCB4 /* ViewController.h */ = {isa = PBXFileReference; lastKnownFileType = sourcecode.c.h; path = ViewController.h; sourceTree = "<group>"; };
		25BED6A321B23078000EBCB4 /* ViewController.m */ = {isa = PBXFileReference; lastKnownFileType = sourcecode.c.objc; path = ViewController.m; sourceTree = "<group>"; };
		25BED6A621B23078000EBCB4 /* Base */ = {isa = PBXFileReference; lastKnownFileType = file.storyboard; name = Base; path = Base.lproj/Main.storyboard; sourceTree = "<group>"; };
		25BED6A821B23079000EBCB4 /* Assets.xcassets */ = {isa = PBXFileReference; lastKnownFileType = folder.assetcatalog; path = Assets.xcassets; sourceTree = "<group>"; };
		25BED6AB21B23079000EBCB4 /* Base */ = {isa = PBXFileReference; lastKnownFileType = file.storyboard; name = Base; path = Base.lproj/LaunchScreen.storyboard; sourceTree = "<group>"; };
		25BED6AD21B23079000EBCB4 /* Info.plist */ = {isa = PBXFileReference; lastKnownFileType = text.plist.xml; path = Info.plist; sourceTree = "<group>"; };
		25BED6AE21B23079000EBCB4 /* main.m */ = {isa = PBXFileReference; lastKnownFileType = sourcecode.c.objc; path = main.m; sourceTree = "<group>"; };
		25BED6B621B2314D000EBCB4 /* LLDViewController.h */ = {isa = PBXFileReference; fileEncoding = 4; lastKnownFileType = sourcecode.c.h; path = LLDViewController.h; sourceTree = "<group>"; };
		25BED6B721B2314D000EBCB4 /* LLDViewDataVM.m */ = {isa = PBXFileReference; fileEncoding = 4; lastKnownFileType = sourcecode.c.objc; path = LLDViewDataVM.m; sourceTree = "<group>"; };
		25BED6B821B2314D000EBCB4 /* LLDViewController.m */ = {isa = PBXFileReference; fileEncoding = 4; lastKnownFileType = sourcecode.c.objc; path = LLDViewController.m; sourceTree = "<group>"; };
		25BED6B921B2314D000EBCB4 /* LLDViewDataVM.h */ = {isa = PBXFileReference; fileEncoding = 4; lastKnownFileType = sourcecode.c.h; path = LLDViewDataVM.h; sourceTree = "<group>"; };
		25CAC7CC21BBAA3100F0C267 /* think.jpg */ = {isa = PBXFileReference; lastKnownFileType = image.jpeg; path = think.jpg; sourceTree = "<group>"; };
		25CAC83421BBAF1100F0C267 /* media.mp4 */ = {isa = PBXFileReference; lastKnownFileType = file; path = media.mp4; sourceTree = "<group>"; };
		3AFE1F751C1EB2644AC27411 /* Pods-LDSDKManager_SDK_Example.release.xcconfig */ = {isa = PBXFileReference; includeInIndex = 1; lastKnownFileType = text.xcconfig; name = "Pods-LDSDKManager_SDK_Example.release.xcconfig"; path = "Pods/Target Support Files/Pods-LDSDKManager_SDK_Example/Pods-LDSDKManager_SDK_Example.release.xcconfig"; sourceTree = "<group>"; };
		8C0F1DEECEE86B18FBC6A0CA /* Pods-LDSDKManager_SDK_Example.debug.xcconfig */ = {isa = PBXFileReference; includeInIndex = 1; lastKnownFileType = text.xcconfig; name = "Pods-LDSDKManager_SDK_Example.debug.xcconfig"; path = "Pods/Target Support Files/Pods-LDSDKManager_SDK_Example/Pods-LDSDKManager_SDK_Example.debug.xcconfig"; sourceTree = "<group>"; };
		BF1791953689D19644724296 /* libPods-LDSDKManager_SDK_Example.a */ = {isa = PBXFileReference; explicitFileType = archive.ar; includeInIndex = 0; path = "libPods-LDSDKManager_SDK_Example.a"; sourceTree = BUILT_PRODUCTS_DIR; };
/* End PBXFileReference section */

/* Begin PBXFrameworksBuildPhase section */
		25BED69921B23078000EBCB4 /* Frameworks */ = {
			isa = PBXFrameworksBuildPhase;
			buildActionMask = 2147483647;
			files = (
				B2E1CB74B53D4DFBF93169C4 /* libPods-LDSDKManager_SDK_Example.a in Frameworks */,
			);
			runOnlyForDeploymentPostprocessing = 0;
		};
/* End PBXFrameworksBuildPhase section */

/* Begin PBXGroup section */
		13D8A04FEBE2B7634A5BFFFF /* Pods */ = {
			isa = PBXGroup;
			children = (
				8C0F1DEECEE86B18FBC6A0CA /* Pods-LDSDKManager_SDK_Example.debug.xcconfig */,
				3AFE1F751C1EB2644AC27411 /* Pods-LDSDKManager_SDK_Example.release.xcconfig */,
			);
			name = Pods;
			sourceTree = "<group>";
		};
		18F78CFB692A8B3B4F8FD82C /* Frameworks */ = {
			isa = PBXGroup;
			children = (
				BF1791953689D19644724296 /* libPods-LDSDKManager_SDK_Example.a */,
			);
			name = Frameworks;
			sourceTree = "<group>";
		};
		25B5EE3321D235880048389C /* LDSDKManager */ = {
			isa = PBXGroup;
			children = (
				25B5EE3421D235880048389C /* CoreService */,
				25B5EE6421D235880048389C /* TelegramPlatform */,
				25B5EE6921D235880048389C /* QQPlatform */,
				25B5EE7021D235880048389C /* WeiboPlatform */,
				25B5EE7721D235880048389C /* WechatPlatform */,
				25B5EE8321D235880048389C /* AlipayPlatform */,
				25B5EE8A21D235880048389C /* DingTalkPlatform */,
				1A666B0B7DC51DB12BAFBC12 /* LDSDKManager.h */,
			);
			name = LDSDKManager;
			path = ../LDSDKManager;
			sourceTree = "<group>";
		};
		25B5EE3421D235880048389C /* CoreService */ = {
			isa = PBXGroup;
			children = (
				25B5EE3521D235880048389C /* Net */,
				25B5EE3821D235880048389C /* LDSDKManagerDataVM.m */,
				25B5EE3921D235880048389C /* LDSDKConfig.m */,
				25B5EE3A21D235880048389C /* LDSDKManager.m */,
				25B5EE3B21D235880048389C /* Dtos */,
				25B5EE5221D235880048389C /* SDKServiceUtils */,
				25B5EE5921D235880048389C /* SDKServiceInterface */,
				25B5EE6121D235880048389C /* LDSDKConfig.h */,
				25B5EE6221D235880048389C /* LDSDKManagerDataVM.h */,
				25B5EE6321D235880048389C /* LDSDKManager.h */,
			);
			path = CoreService;
			sourceTree = "<group>";
		};
		25B5EE3521D235880048389C /* Net */ = {
			isa = PBXGroup;
			children = (
				25B5EE3621D235880048389C /* LDNetworkManager.m */,
				25B5EE3721D235880048389C /* LDNetworkManager.h */,
			);
			path = Net;
			sourceTree = "<group>";
		};
		25B5EE3B21D235880048389C /* Dtos */ = {
			isa = PBXGroup;
			children = (
				25B5EE3C21D235880048389C /* MCShareConfigDto.m */,
				25B5EE3D21D235880048389C /* MCShareVideoDto.m */,
				25B5EE3F21D235880048389C /* MCShareNewsDto.m */,
				25B5EE4021D235880048389C /* MCShareMiniProgramDto.m */,
				25B5EE4121D235880048389C /* MCShareFileDto.h */,
				25B5EE4221D235880048389C /* MCBaseShareDto.m */,
				25B5EE4321D235880048389C /* MCResultDto.h */,
				25B5EE4421D235880048389C /* MCShareImageDto.m */,
				25B5EE4521D235880048389C /* MCShareTextDto.m */,
				25B5EE4621D235880048389C /* MCShareAudioDto.m */,
				25B5EE4721D235880048389C /* MCShareNewsDto.h */,
				25B5EE4821D235880048389C /* MCShareVideoDto.h */,
				25B5EE4A21D235880048389C /* MCShareConfigDto.h */,
				25B5EE4B21D235880048389C /* MCShareMiniProgramDto.h */,
				25B5EE4C21D235880048389C /* MCShareImageDto.h */,
				25B5EE4D21D235880048389C /* MCResultDto.m */,
				25B5EE4E21D235880048389C /* MCShareFileDto.m */,
				25B5EE4F21D235880048389C /* MCBaseShareDto.h */,
				25B5EE5021D235880048389C /* MCShareAudioDto.h */,
				25B5EE5121D235880048389C /* MCShareTextDto.h */,
			);
			path = Dtos;
			sourceTree = "<group>";
		};
		25B5EE5221D235880048389C /* SDKServiceUtils */ = {
			isa = PBXGroup;
			children = (
				25B5EE5321D235880048389C /* UIImage+LDExtend.h */,
				25B5EE5421D235880048389C /* NSDictionary+Extend.h */,
				25B5EE5521D235880048389C /* NSString+Extend.h */,
				25B5EE5621D235880048389C /* NSDictionary+Extend.m */,
				25B5EE5721D235880048389C /* UIImage+LDExtend.m */,
				25B5EE5821D235880048389C /* NSString+Extend.m */,
			);
			path = SDKServiceUtils;
			sourceTree = "<group>";
		};
		25B5EE5921D235880048389C /* SDKServiceInterface */ = {
			isa = PBXGroup;
			children = (
				25B5EE5A21D235880048389C /* LDSDKExtendProtocol.h */,
				25B5EE5B21D235880048389C /* LDSDKRegisterService.h */,
				25B5EE5C21D235880048389C /* LDSDKHandleURLProtocol.h */,
				25B5EE5D21D235880048389C /* LDSDKPayService.h */,
				25B5EE5E21D235880048389C /* LDSDKShareDataVMService.h */,
				25B5EE5F21D235880048389C /* LDSDKShareService.h */,
				25B5EE6021D235880048389C /* LDSDKAuthService.h */,
			);
			path = SDKServiceInterface;
			sourceTree = "<group>";
		};
		25B5EE6421D235880048389C /* TelegramPlatform */ = {
			isa = PBXGroup;
			children = (
				25B5EE6521D235880048389C /* LDSDKTelegramDataVM.m */,
				25B5EE6621D235880048389C /* LDSDKTelegramServiceImp.h */,
				25B5EE6721D235880048389C /* LDSDKTelegramServiceImp.m */,
				25B5EE6821D235880048389C /* LDSDKTelegramDataVM.h */,
			);
			path = TelegramPlatform;
			sourceTree = "<group>";
		};
		25B5EE6921D235880048389C /* QQPlatform */ = {
			isa = PBXGroup;
			children = (
				25B5EE6A21D235880048389C /* LDSDKQQServiceImpDataVM.h */,
				25B5EE6B21D235880048389C /* LDSDKQQServiceImp.m */,
				25B5EE6C21D235880048389C /* QQApiObject+Extend.m */,
				25B5EE6D21D235880048389C /* LDSDKQQServiceImp.h */,
				25B5EE6E21D235880048389C /* LDSDKQQServiceImpDataVM.m */,
				25B5EE6F21D235880048389C /* QQApiObject+Extend.h */,
			);
			path = QQPlatform;
			sourceTree = "<group>";
		};
		25B5EE7021D235880048389C /* WeiboPlatform */ = {
			isa = PBXGroup;
			children = (
				25B5EE7121D235880048389C /* WBMessageObject+Extend.m */,
				25B5EE7221D235880048389C /* LDSDKWeiboDataVM.m */,
				25B5EE7321D235880048389C /* LDSDKWeiboServiceImpl.m */,
				25B5EE7421D235880048389C /* LDSDKWeiboDataVM.h */,
				25B5EE7521D235880048389C /* WBMessageObject+Extend.h */,
				25B5EE7621D235880048389C /* LDSDKWeiboServiceImpl.h */,
			);
			path = WeiboPlatform;
			sourceTree = "<group>";
		};
		25B5EE7721D235880048389C /* WechatPlatform */ = {
			isa = PBXGroup;
			children = (
				25B5EE7821D235880048389C /* LDSDKWechatImpDataVM.h */,
				25B5EE7921D235880048389C /* WechatApiExtend.h */,
				25B5EE7A21D235880048389C /* LDSDKWechatServiceImp.m */,
				25B5EE7B21D235880048389C /* WechatApiExtend.m */,
				25B5EE7C21D235880048389C /* LDSDKWechatImpDataVM.m */,
				25B5EE7D21D235880048389C /* WechatCommon */,
				25B5EE8221D235880048389C /* LDSDKWechatServiceImp.h */,
			);
			path = WechatPlatform;
			sourceTree = "<group>";
		};
		25B5EE7D21D235880048389C /* WechatCommon */ = {
			isa = PBXGroup;
			children = (
				25B5EE7E21D235880048389C /* NSString+LDSDKAdditions.h */,
				25B5EE7F21D235880048389C /* NSDictionary+LDSDKAdditions.h */,
				25B5EE8021D235880048389C /* NSDictionary+LDSDKAdditions.m */,
				25B5EE8121D235880048389C /* NSString+LDSDKAdditions.m */,
			);
			path = WechatCommon;
			sourceTree = "<group>";
		};
		25B5EE8321D235880048389C /* AlipayPlatform */ = {
			isa = PBXGroup;
			children = (
				25B5EE8421D235880048389C /* LDSDKAliPayServiceImp.m */,
				25B5EE8521D235880048389C /* APBaseReq+Extend.m */,
				25B5EE8621D235880048389C /* LDSDKAliPayDataVM.h */,
				25B5EE8721D235880048389C /* LDSDKAliPayServiceImp.h */,
				25B5EE8821D235880048389C /* LDSDKAliPayDataVM.m */,
				25B5EE8921D235880048389C /* APBaseReq+Extend.h */,
			);
			path = AlipayPlatform;
			sourceTree = "<group>";
		};
		25B5EE8A21D235880048389C /* DingTalkPlatform */ = {
			isa = PBXGroup;
			children = (
				25B5EE8B21D235880048389C /* DTBaseReq+Extend.h */,
				25B5EE8C21D235880048389C /* LDSDKDingTalkDataVM.h */,
				25B5EE8D21D235880048389C /* LDSDKDingTalkServiceImp.h */,
				25B5EE8E21D235880048389C /* LDSDKDingTalkDataVM.m */,
				25B5EE8F21D235880048389C /* DTBaseReq+Extend.m */,
				25B5EE9021D235880048389C /* LDSDKDingTalkServiceImp.m */,
			);
			path = DingTalkPlatform;
			sourceTree = "<group>";
		};
		25BED69321B23078000EBCB4 = {
			isa = PBXGroup;
			children = (
				25B5EE3321D235880048389C /* LDSDKManager */,
				25BED6EF21B232AE000EBCB4 /* Source */,
				25BED6B521B2314D000EBCB4 /* Code */,
				25BED69E21B23078000EBCB4 /* LDSDKManager_SDK_Example */,
				25BED69D21B23078000EBCB4 /* Products */,
				13D8A04FEBE2B7634A5BFFFF /* Pods */,
				18F78CFB692A8B3B4F8FD82C /* Frameworks */,
				1A66653B7905552ED02382B7 /* LDSDKManager.podspec */,
				1A666C2C63C803A817872234 /* README.md */,
			);
			sourceTree = "<group>";
		};
		25BED69D21B23078000EBCB4 /* Products */ = {
			isa = PBXGroup;
			children = (
				25BED69C21B23078000EBCB4 /* LDSDKManager_SDK_Example.app */,
			);
			name = Products;
			sourceTree = "<group>";
		};
		25BED69E21B23078000EBCB4 /* LDSDKManager_SDK_Example */ = {
			isa = PBXGroup;
			children = (
				25BED69F21B23078000EBCB4 /* AppDelegate.h */,
				25BED6A021B23078000EBCB4 /* AppDelegate.m */,
				25BED6A221B23078000EBCB4 /* ViewController.h */,
				25BED6A321B23078000EBCB4 /* ViewController.m */,
				25BED6A521B23078000EBCB4 /* Main.storyboard */,
				25BED6AA21B23079000EBCB4 /* LaunchScreen.storyboard */,
				25BED6AD21B23079000EBCB4 /* Info.plist */,
				25BED6AE21B23079000EBCB4 /* main.m */,
			);
			path = LDSDKManager_SDK_Example;
			sourceTree = "<group>";
		};
		25BED6B521B2314D000EBCB4 /* Code */ = {
			isa = PBXGroup;
			children = (
				25BED6B621B2314D000EBCB4 /* LLDViewController.h */,
				25BED6B721B2314D000EBCB4 /* LLDViewDataVM.m */,
				25BED6B821B2314D000EBCB4 /* LLDViewController.m */,
				25BED6B921B2314D000EBCB4 /* LLDViewDataVM.h */,
				1A66679CCDEC302BCB1E5514 /* LLDPlatformDto.m */,
				1A666104BE4EE4F90B3F7772 /* LLDPlatformDto.h */,
				1A666A647DD6544631A52487 /* LLDPlatform.json */,
				1A6663E9D0D44DBAF04D7A7A /* LLDPlatformCell.m */,
				1A66611B79FA9885F8402C13 /* LLDPlatformCell.h */,
			);
			path = Code;
			sourceTree = "<group>";
		};
		25BED6EF21B232AE000EBCB4 /* Source */ = {
			isa = PBXGroup;
			children = (
				25CAC83421BBAF1100F0C267 /* media.mp4 */,
				25CAC7CC21BBAA3100F0C267 /* think.jpg */,
				25BED6A821B23079000EBCB4 /* Assets.xcassets */,
			);
			path = Source;
			sourceTree = "<group>";
		};
/* End PBXGroup section */

/* Begin PBXNativeTarget section */
		25BED69B21B23078000EBCB4 /* LDSDKManager_SDK_Example */ = {
			isa = PBXNativeTarget;
			buildConfigurationList = 25BED6B221B23079000EBCB4 /* Build configuration list for PBXNativeTarget "LDSDKManager_SDK_Example" */;
			buildPhases = (
				4741B4BD009809A02C0BAB06 /* [CP] Check Pods Manifest.lock */,
				25BED69821B23078000EBCB4 /* Sources */,
				25BED69921B23078000EBCB4 /* Frameworks */,
				25BED69A21B23078000EBCB4 /* Resources */,
				248BDF0BE44BDB92F2EC7BA7 /* [CP] Copy Pods Resources */,
			);
			buildRules = (
			);
			dependencies = (
			);
			name = LDSDKManager_SDK_Example;
			productName = LDSDKManager_SDK_Example;
			productReference = 25BED69C21B23078000EBCB4 /* LDSDKManager_SDK_Example.app */;
			productType = "com.apple.product-type.application";
		};
/* End PBXNativeTarget section */

/* Begin PBXProject section */
		25BED69421B23078000EBCB4 /* Project object */ = {
			isa = PBXProject;
			attributes = {
				LastUpgradeCheck = 1010;
				ORGANIZATIONNAME = majiancheng;
				TargetAttributes = {
					25BED69B21B23078000EBCB4 = {
						CreatedOnToolsVersion = 10.1;
					};
				};
			};
			buildConfigurationList = 25BED69721B23078000EBCB4 /* Build configuration list for PBXProject "LDSDKManager_SDK_Example" */;
			compatibilityVersion = "Xcode 9.3";
			developmentRegion = en;
			hasScannedForEncodings = 0;
			knownRegions = (
				en,
				Base,
			);
			mainGroup = 25BED69321B23078000EBCB4;
			productRefGroup = 25BED69D21B23078000EBCB4 /* Products */;
			projectDirPath = "";
			projectRoot = "";
			targets = (
				25BED69B21B23078000EBCB4 /* LDSDKManager_SDK_Example */,
			);
		};
/* End PBXProject section */

/* Begin PBXResourcesBuildPhase section */
		25BED69A21B23078000EBCB4 /* Resources */ = {
			isa = PBXResourcesBuildPhase;
			buildActionMask = 2147483647;
			files = (
				25CAC83521BBAF1100F0C267 /* media.mp4 in Resources */,
				25BED6AC21B23079000EBCB4 /* LaunchScreen.storyboard in Resources */,
				25CAC7CD21BBAA3100F0C267 /* think.jpg in Resources */,
				25BED6A921B23079000EBCB4 /* Assets.xcassets in Resources */,
				25BED6A721B23078000EBCB4 /* Main.storyboard in Resources */,
				1A6663A4A5D580317765E6E9 /* LLDPlatform.json in Resources */,
			);
			runOnlyForDeploymentPostprocessing = 0;
		};
/* End PBXResourcesBuildPhase section */

/* Begin PBXShellScriptBuildPhase section */
		248BDF0BE44BDB92F2EC7BA7 /* [CP] Copy Pods Resources */ = {
			isa = PBXShellScriptBuildPhase;
			buildActionMask = 2147483647;
			files = (
			);
			inputPaths = (
				"${PODS_ROOT}/Target Support Files/Pods-LDSDKManager_SDK_Example/Pods-LDSDKManager_SDK_Example-resources.sh",
				"${PODS_ROOT}/AlipaySDK-iOS/AlipaySDK.bundle",
				"${PODS_ROOT}/Weibo_SDK/libWeiboSDK/WeiboSDK.bundle",
			);
			name = "[CP] Copy Pods Resources";
			outputPaths = (
				"${TARGET_BUILD_DIR}/${UNLOCALIZED_RESOURCES_FOLDER_PATH}/AlipaySDK.bundle",
				"${TARGET_BUILD_DIR}/${UNLOCALIZED_RESOURCES_FOLDER_PATH}/WeiboSDK.bundle",
			);
			runOnlyForDeploymentPostprocessing = 0;
			shellPath = /bin/sh;
			shellScript = "\"${PODS_ROOT}/Target Support Files/Pods-LDSDKManager_SDK_Example/Pods-LDSDKManager_SDK_Example-resources.sh\"\n";
			showEnvVarsInLog = 0;
		};
		4741B4BD009809A02C0BAB06 /* [CP] Check Pods Manifest.lock */ = {
			isa = PBXShellScriptBuildPhase;
			buildActionMask = 2147483647;
			files = (
			);
			inputPaths = (
				"${PODS_PODFILE_DIR_PATH}/Podfile.lock",
				"${PODS_ROOT}/Manifest.lock",
			);
			name = "[CP] Check Pods Manifest.lock";
			outputPaths = (
				"$(DERIVED_FILE_DIR)/Pods-LDSDKManager_SDK_Example-checkManifestLockResult.txt",
			);
			runOnlyForDeploymentPostprocessing = 0;
			shellPath = /bin/sh;
			shellScript = "diff \"${PODS_PODFILE_DIR_PATH}/Podfile.lock\" \"${PODS_ROOT}/Manifest.lock\" > /dev/null\nif [ $? != 0 ] ; then\n    # print error to STDERR\n    echo \"error: The sandbox is not in sync with the Podfile.lock. Run 'pod install' or update your CocoaPods installation.\" >&2\n    exit 1\nfi\n# This output is used by Xcode 'outputs' to avoid re-running this script phase.\necho \"SUCCESS\" > \"${SCRIPT_OUTPUT_FILE_0}\"\n";
			showEnvVarsInLog = 0;
		};
/* End PBXShellScriptBuildPhase section */

/* Begin PBXSourcesBuildPhase section */
		25BED69821B23078000EBCB4 /* Sources */ = {
			isa = PBXSourcesBuildPhase;
			buildActionMask = 2147483647;
			files = (
				25B5EEA021D235880048389C /* NSDictionary+Extend.m in Sources */,
				25B5EEB321D235890048389C /* LDSDKDingTalkDataVM.m in Sources */,
				25B5EEAE21D235890048389C /* NSDictionary+LDSDKAdditions.m in Sources */,
				25B5EE9C21D235880048389C /* MCShareTextDto.m in Sources */,
				25B5EEAA21D235890048389C /* LDSDKWeiboServiceImpl.m in Sources */,
				25B5EEB121D235890048389C /* APBaseReq+Extend.m in Sources */,
				25B5EEA821D235890048389C /* WBMessageObject+Extend.m in Sources */,
				25BED6A421B23078000EBCB4 /* ViewController.m in Sources */,
				25B5EE9821D235880048389C /* MCShareNewsDto.m in Sources */,
				25B5EE9F21D235880048389C /* MCShareFileDto.m in Sources */,
				25B5EEB421D235890048389C /* DTBaseReq+Extend.m in Sources */,
				25B5EEA521D235880048389C /* LDSDKQQServiceImp.m in Sources */,
				25B5EEA621D235880048389C /* QQApiObject+Extend.m in Sources */,
				25B5EE9B21D235880048389C /* MCShareImageDto.m in Sources */,
				25B5EE9A21D235880048389C /* MCBaseShareDto.m in Sources */,
				25BED6AF21B23079000EBCB4 /* main.m in Sources */,
				25B5EEB221D235890048389C /* LDSDKAliPayDataVM.m in Sources */,
				25B5EEAB21D235890048389C /* LDSDKWechatServiceImp.m in Sources */,
				25B5EEA221D235880048389C /* NSString+Extend.m in Sources */,
				25B5EEA121D235880048389C /* UIImage+LDExtend.m in Sources */,
				25B5EE9421D235880048389C /* LDSDKManager.m in Sources */,
				25B5EEA321D235880048389C /* LDSDKTelegramDataVM.m in Sources */,
				25B5EEAC21D235890048389C /* WechatApiExtend.m in Sources */,
				25B5EE9321D235880048389C /* LDSDKConfig.m in Sources */,
				25B5EE9121D235880048389C /* LDNetworkManager.m in Sources */,
				25B5EEA921D235890048389C /* LDSDKWeiboDataVM.m in Sources */,
				25B5EE9D21D235880048389C /* MCShareAudioDto.m in Sources */,
				25BED6E121B2314E000EBCB4 /* LLDViewDataVM.m in Sources */,
				25BED6A121B23078000EBCB4 /* AppDelegate.m in Sources */,
				25B5EEB021D235890048389C /* LDSDKAliPayServiceImp.m in Sources */,
				25B5EEAF21D235890048389C /* NSString+LDSDKAdditions.m in Sources */,
				25B5EEA721D235880048389C /* LDSDKQQServiceImpDataVM.m in Sources */,
				25B5EE9621D235880048389C /* MCShareVideoDto.m in Sources */,
				25B5EE9521D235880048389C /* MCShareConfigDto.m in Sources */,
				25B5EE9921D235880048389C /* MCShareMiniProgramDto.m in Sources */,
				25B5EEA421D235880048389C /* LDSDKTelegramServiceImp.m in Sources */,
				25B5EE9E21D235880048389C /* MCResultDto.m in Sources */,
				25BED6E221B2314E000EBCB4 /* LLDViewController.m in Sources */,
				1A666E1ECEAD6B7C5F356C31 /* LLDPlatformDto.m in Sources */,
				25B5EE9221D235880048389C /* LDSDKManagerDataVM.m in Sources */,
				25B5EEAD21D235890048389C /* LDSDKWechatImpDataVM.m in Sources */,
				1A6661706C680801D41B7942 /* LLDPlatformCell.m in Sources */,
				25B5EEB521D235890048389C /* LDSDKDingTalkServiceImp.m in Sources */,
			);
			runOnlyForDeploymentPostprocessing = 0;
		};
/* End PBXSourcesBuildPhase section */

/* Begin PBXVariantGroup section */
		25BED6A521B23078000EBCB4 /* Main.storyboard */ = {
			isa = PBXVariantGroup;
			children = (
				25BED6A621B23078000EBCB4 /* Base */,
			);
			name = Main.storyboard;
			sourceTree = "<group>";
		};
		25BED6AA21B23079000EBCB4 /* LaunchScreen.storyboard */ = {
			isa = PBXVariantGroup;
			children = (
				25BED6AB21B23079000EBCB4 /* Base */,
			);
			name = LaunchScreen.storyboard;
			sourceTree = "<group>";
		};
/* End PBXVariantGroup section */

/* Begin XCBuildConfiguration section */
		25BED6B021B23079000EBCB4 /* Debug */ = {
			isa = XCBuildConfiguration;
			buildSettings = {
				ALWAYS_SEARCH_USER_PATHS = NO;
				CLANG_ANALYZER_NONNULL = YES;
				CLANG_ANALYZER_NUMBER_OBJECT_CONVERSION = YES_AGGRESSIVE;
				CLANG_CXX_LANGUAGE_STANDARD = "gnu++14";
				CLANG_CXX_LIBRARY = "libc++";
				CLANG_ENABLE_MODULES = YES;
				CLANG_ENABLE_OBJC_ARC = YES;
				CLANG_ENABLE_OBJC_WEAK = YES;
				CLANG_WARN_BLOCK_CAPTURE_AUTORELEASING = YES;
				CLANG_WARN_BOOL_CONVERSION = YES;
				CLANG_WARN_COMMA = YES;
				CLANG_WARN_CONSTANT_CONVERSION = YES;
				CLANG_WARN_DEPRECATED_OBJC_IMPLEMENTATIONS = YES;
				CLANG_WARN_DIRECT_OBJC_ISA_USAGE = YES_ERROR;
				CLANG_WARN_DOCUMENTATION_COMMENTS = YES;
				CLANG_WARN_EMPTY_BODY = YES;
				CLANG_WARN_ENUM_CONVERSION = YES;
				CLANG_WARN_INFINITE_RECURSION = YES;
				CLANG_WARN_INT_CONVERSION = YES;
				CLANG_WARN_NON_LITERAL_NULL_CONVERSION = YES;
				CLANG_WARN_OBJC_IMPLICIT_RETAIN_SELF = YES;
				CLANG_WARN_OBJC_LITERAL_CONVERSION = YES;
				CLANG_WARN_OBJC_ROOT_CLASS = YES_ERROR;
				CLANG_WARN_RANGE_LOOP_ANALYSIS = YES;
				CLANG_WARN_STRICT_PROTOTYPES = YES;
				CLANG_WARN_SUSPICIOUS_MOVE = YES;
				CLANG_WARN_UNGUARDED_AVAILABILITY = YES_AGGRESSIVE;
				CLANG_WARN_UNREACHABLE_CODE = YES;
				CLANG_WARN__DUPLICATE_METHOD_MATCH = YES;
				CODE_SIGN_IDENTITY = "iPhone Developer";
				COPY_PHASE_STRIP = NO;
				DEBUG_INFORMATION_FORMAT = dwarf;
				ENABLE_STRICT_OBJC_MSGSEND = YES;
				ENABLE_TESTABILITY = YES;
				GCC_C_LANGUAGE_STANDARD = gnu11;
				GCC_DYNAMIC_NO_PIC = NO;
				GCC_NO_COMMON_BLOCKS = YES;
				GCC_OPTIMIZATION_LEVEL = 0;
				GCC_PREPROCESSOR_DEFINITIONS = (
					"DEBUG=1",
					"$(inherited)",
				);
				GCC_WARN_64_TO_32_BIT_CONVERSION = YES;
				GCC_WARN_ABOUT_RETURN_TYPE = YES_ERROR;
				GCC_WARN_UNDECLARED_SELECTOR = YES;
				GCC_WARN_UNINITIALIZED_AUTOS = YES_AGGRESSIVE;
				GCC_WARN_UNUSED_FUNCTION = YES;
				GCC_WARN_UNUSED_VARIABLE = YES;
				IPHONEOS_DEPLOYMENT_TARGET = 9.0;
				MTL_ENABLE_DEBUG_INFO = INCLUDE_SOURCE;
				MTL_FAST_MATH = YES;
				ONLY_ACTIVE_ARCH = YES;
				SDKROOT = iphoneos;
			};
			name = Debug;
		};
		25BED6B121B23079000EBCB4 /* Release */ = {
			isa = XCBuildConfiguration;
			buildSettings = {
				ALWAYS_SEARCH_USER_PATHS = NO;
				CLANG_ANALYZER_NONNULL = YES;
				CLANG_ANALYZER_NUMBER_OBJECT_CONVERSION = YES_AGGRESSIVE;
				CLANG_CXX_LANGUAGE_STANDARD = "gnu++14";
				CLANG_CXX_LIBRARY = "libc++";
				CLANG_ENABLE_MODULES = YES;
				CLANG_ENABLE_OBJC_ARC = YES;
				CLANG_ENABLE_OBJC_WEAK = YES;
				CLANG_WARN_BLOCK_CAPTURE_AUTORELEASING = YES;
				CLANG_WARN_BOOL_CONVERSION = YES;
				CLANG_WARN_COMMA = YES;
				CLANG_WARN_CONSTANT_CONVERSION = YES;
				CLANG_WARN_DEPRECATED_OBJC_IMPLEMENTATIONS = YES;
				CLANG_WARN_DIRECT_OBJC_ISA_USAGE = YES_ERROR;
				CLANG_WARN_DOCUMENTATION_COMMENTS = YES;
				CLANG_WARN_EMPTY_BODY = YES;
				CLANG_WARN_ENUM_CONVERSION = YES;
				CLANG_WARN_INFINITE_RECURSION = YES;
				CLANG_WARN_INT_CONVERSION = YES;
				CLANG_WARN_NON_LITERAL_NULL_CONVERSION = YES;
				CLANG_WARN_OBJC_IMPLICIT_RETAIN_SELF = YES;
				CLANG_WARN_OBJC_LITERAL_CONVERSION = YES;
				CLANG_WARN_OBJC_ROOT_CLASS = YES_ERROR;
				CLANG_WARN_RANGE_LOOP_ANALYSIS = YES;
				CLANG_WARN_STRICT_PROTOTYPES = YES;
				CLANG_WARN_SUSPICIOUS_MOVE = YES;
				CLANG_WARN_UNGUARDED_AVAILABILITY = YES_AGGRESSIVE;
				CLANG_WARN_UNREACHABLE_CODE = YES;
				CLANG_WARN__DUPLICATE_METHOD_MATCH = YES;
				CODE_SIGN_IDENTITY = "iPhone Developer";
				COPY_PHASE_STRIP = NO;
				DEBUG_INFORMATION_FORMAT = "dwarf-with-dsym";
				ENABLE_NS_ASSERTIONS = NO;
				ENABLE_STRICT_OBJC_MSGSEND = YES;
				GCC_C_LANGUAGE_STANDARD = gnu11;
				GCC_NO_COMMON_BLOCKS = YES;
				GCC_WARN_64_TO_32_BIT_CONVERSION = YES;
				GCC_WARN_ABOUT_RETURN_TYPE = YES_ERROR;
				GCC_WARN_UNDECLARED_SELECTOR = YES;
				GCC_WARN_UNINITIALIZED_AUTOS = YES_AGGRESSIVE;
				GCC_WARN_UNUSED_FUNCTION = YES;
				GCC_WARN_UNUSED_VARIABLE = YES;
				IPHONEOS_DEPLOYMENT_TARGET = 9.0;
				MTL_ENABLE_DEBUG_INFO = NO;
				MTL_FAST_MATH = YES;
				SDKROOT = iphoneos;
				VALIDATE_PRODUCT = YES;
			};
			name = Release;
		};
		25BED6B321B23079000EBCB4 /* Debug */ = {
			isa = XCBuildConfiguration;
			baseConfigurationReference = 8C0F1DEECEE86B18FBC6A0CA /* Pods-LDSDKManager_SDK_Example.debug.xcconfig */;
			buildSettings = {
				ASSETCATALOG_COMPILER_APPICON_NAME = AppIcon;
				CODE_SIGN_STYLE = Automatic;
				DEVELOPMENT_TEAM = 6FNUHS4H7D;
				INFOPLIST_FILE = LDSDKManager_SDK_Example/Info.plist;
				IPHONEOS_DEPLOYMENT_TARGET = 9.0;
				LD_RUNPATH_SEARCH_PATHS = (
					"$(inherited)",
					"@executable_path/Frameworks",
				);
				LIBRARY_SEARCH_PATHS = "$(inherited)";
				PRODUCT_BUNDLE_IDENTIFIER = com.laiwang.DTShareKit;
				PRODUCT_NAME = "$(TARGET_NAME)";
				TARGETED_DEVICE_FAMILY = "1,2";
				USER_HEADER_SEARCH_PATHS = "\"${PROJECT_DIR}/Pods\"/**";
			};
			name = Debug;
		};
		25BED6B421B23079000EBCB4 /* Release */ = {
			isa = XCBuildConfiguration;
			baseConfigurationReference = 3AFE1F751C1EB2644AC27411 /* Pods-LDSDKManager_SDK_Example.release.xcconfig */;
			buildSettings = {
				ASSETCATALOG_COMPILER_APPICON_NAME = AppIcon;
				CODE_SIGN_STYLE = Automatic;
				DEVELOPMENT_TEAM = 6FNUHS4H7D;
				INFOPLIST_FILE = LDSDKManager_SDK_Example/Info.plist;
				IPHONEOS_DEPLOYMENT_TARGET = 9.0;
				LD_RUNPATH_SEARCH_PATHS = (
					"$(inherited)",
					"@executable_path/Frameworks",
				);
				LIBRARY_SEARCH_PATHS = "$(inherited)";
				PRODUCT_BUNDLE_IDENTIFIER = com.laiwang.DTShareKit;
				PRODUCT_NAME = "$(TARGET_NAME)";
				TARGETED_DEVICE_FAMILY = "1,2";
				USER_HEADER_SEARCH_PATHS = "\"${PROJECT_DIR}/Pods\"/**";
			};
			name = Release;
		};
/* End XCBuildConfiguration section */

/* Begin XCConfigurationList section */
		25BED69721B23078000EBCB4 /* Build configuration list for PBXProject "LDSDKManager_SDK_Example" */ = {
			isa = XCConfigurationList;
			buildConfigurations = (
				25BED6B021B23079000EBCB4 /* Debug */,
				25BED6B121B23079000EBCB4 /* Release */,
			);
			defaultConfigurationIsVisible = 0;
			defaultConfigurationName = Release;
		};
		25BED6B221B23079000EBCB4 /* Build configuration list for PBXNativeTarget "LDSDKManager_SDK_Example" */ = {
			isa = XCConfigurationList;
			buildConfigurations = (
				25BED6B321B23079000EBCB4 /* Debug */,
				25BED6B421B23079000EBCB4 /* Release */,
			);
			defaultConfigurationIsVisible = 0;
			defaultConfigurationName = Release;
		};
/* End XCConfigurationList section */
	};
	rootObject = 25BED69421B23078000EBCB4 /* Project object */;
}
