// !$*UTF8*$!
{
	archiveVersion = 1;
	classes = {
	};
	objectVersion = 50;
	objects = {

/* Begin PBXBuildFile section */
		1A6661706C680801D41B7942 /* LLDPlatformCell.m in Sources */ = {isa = PBXBuildFile; fileRef = 1A6663E9D0D44DBAF04D7A7A /* LLDPlatformCell.m */; };
		1A6661AC8BE61533A2B96BE9 /* MMShareImageDto.m in Sources */ = {isa = PBXBuildFile; fileRef = 1A666127EA405F1B53D42123 /* MMShareImageDto.m */; };
		1A6661FFC82017D670279031 /* MMShareMiniProgramDto.m in Sources */ = {isa = PBXBuildFile; fileRef = 1A666006A6086AACBBF260AF /* MMShareMiniProgramDto.m */; };
		1A6661FFE48E2B346269B625 /* LDSDKWeiboDataVM.m in Sources */ = {isa = PBXBuildFile; fileRef = 1A666CF12E056EC4A8D23A3D /* LDSDKWeiboDataVM.m */; };
		1A66629A598A993475C021FD /* MMShareTextDto.m in Sources */ = {isa = PBXBuildFile; fileRef = 1A6665F1140CFB91B8D12FA9 /* MMShareTextDto.m */; };
		1A66636E1B052BFFE79C59FF /* WechatApiExtend.m in Sources */ = {isa = PBXBuildFile; fileRef = 1A6663679474BC69B8273C51 /* WechatApiExtend.m */; };
		1A6663A4A5D580317765E6E9 /* LLDPlatform.json in Resources */ = {isa = PBXBuildFile; fileRef = 1A666A647DD6544631A52487 /* LLDPlatform.json */; };
		1A6663E4D7ED54C2CC1F6D3B /* MMResultDto.m in Sources */ = {isa = PBXBuildFile; fileRef = 1A66600A9EE8BBE7F1549CDF /* MMResultDto.m */; };
		1A6665B3B72994118BE70B93 /* LDNetworkManager.m in Sources */ = {isa = PBXBuildFile; fileRef = 1A666CFEB5DD4366A46A29C8 /* LDNetworkManager.m */; };
		1A6665C08B0EAF8CE912D5D2 /* MMShareNewsDto.m in Sources */ = {isa = PBXBuildFile; fileRef = 1A666C55E8D06A08183CC200 /* MMShareNewsDto.m */; };
		1A6666E99753C1682E9C58B6 /* LDSDKManagerDataVM.m in Sources */ = {isa = PBXBuildFile; fileRef = 1A6664A4AB6ADA0ED0DD23F2 /* LDSDKManagerDataVM.m */; };
		1A666AFC4C4665DECE42B896 /* QQApiObject+Extend.m in Sources */ = {isa = PBXBuildFile; fileRef = 1A666D2CBA461049575B8C7A /* QQApiObject+Extend.m */; };
		1A666B0E84A7F2B56C134278 /* NSString+Extend.m in Sources */ = {isa = PBXBuildFile; fileRef = 1A666DEE695E8D87C2BDDAFD /* NSString+Extend.m */; };
		1A666BB0DEE76D1C29E0CB57 /* MMShareFileDto.m in Sources */ = {isa = PBXBuildFile; fileRef = 1A66679D08FA77FE49090CF5 /* MMShareFileDto.m */; };
		1A666BD1EFB4C0CFCAF3CAF5 /* LDSDKWechatImpDataVM.m in Sources */ = {isa = PBXBuildFile; fileRef = 1A66626813C120284EDB2F73 /* LDSDKWechatImpDataVM.m */; };
		1A666BF58D65BA03B6B35F11 /* WBMessageObject+Extend.m in Sources */ = {isa = PBXBuildFile; fileRef = 1A666968C480A1A6C6DD1D48 /* WBMessageObject+Extend.m */; };
		1A666C203D1FB0D283B9F7CA /* MMShareVideoDto.m in Sources */ = {isa = PBXBuildFile; fileRef = 1A6662F2A12414DA553C9979 /* MMShareVideoDto.m */; };
		1A666C621D8F79D077427166 /* MMBaseShareDto.m in Sources */ = {isa = PBXBuildFile; fileRef = 1A666E17BC92E5C1505C372B /* MMBaseShareDto.m */; };
		1A666CA45BF42343110E17DC /* NSDictionary+Extend.m in Sources */ = {isa = PBXBuildFile; fileRef = 1A6662398B5F6F551A787470 /* NSDictionary+Extend.m */; };
		1A666E1ECEAD6B7C5F356C31 /* LLDPlatformDto.m in Sources */ = {isa = PBXBuildFile; fileRef = 1A66679CCDEC302BCB1E5514 /* LLDPlatformDto.m */; };
		1A666E488B1131BD86155DC8 /* MMShareAudioDto.m in Sources */ = {isa = PBXBuildFile; fileRef = 1A666F9BFE6FE0D39437114E /* MMShareAudioDto.m */; };
		1A666EDFC950E1658E2BA4A3 /* LDSDKQQServiceImpDataVM.m in Sources */ = {isa = PBXBuildFile; fileRef = 1A6666D2372D556033B08462 /* LDSDKQQServiceImpDataVM.m */; };
		1A666F69734B67EEFAC26B66 /* MMDto.m in Sources */ = {isa = PBXBuildFile; fileRef = 1A66683DE2E650FCDEEA7AE6 /* MMDto.m */; };
		1A666F7A1F2F2838B5CC2116 /* MMShareConfigDto.m in Sources */ = {isa = PBXBuildFile; fileRef = 1A666F8C94A607AEDC1EBB1A /* MMShareConfigDto.m */; };
		25BED6A121B23078000EBCB4 /* AppDelegate.m in Sources */ = {isa = PBXBuildFile; fileRef = 25BED6A021B23078000EBCB4 /* AppDelegate.m */; };
		25BED6A421B23078000EBCB4 /* ViewController.m in Sources */ = {isa = PBXBuildFile; fileRef = 25BED6A321B23078000EBCB4 /* ViewController.m */; };
		25BED6A721B23078000EBCB4 /* Main.storyboard in Resources */ = {isa = PBXBuildFile; fileRef = 25BED6A521B23078000EBCB4 /* Main.storyboard */; };
		25BED6A921B23079000EBCB4 /* Assets.xcassets in Resources */ = {isa = PBXBuildFile; fileRef = 25BED6A821B23079000EBCB4 /* Assets.xcassets */; };
		25BED6AC21B23079000EBCB4 /* LaunchScreen.storyboard in Resources */ = {isa = PBXBuildFile; fileRef = 25BED6AA21B23079000EBCB4 /* LaunchScreen.storyboard */; };
		25BED6AF21B23079000EBCB4 /* main.m in Sources */ = {isa = PBXBuildFile; fileRef = 25BED6AE21B23079000EBCB4 /* main.m */; };
		25BED6E121B2314E000EBCB4 /* LLDViewDataVM.m in Sources */ = {isa = PBXBuildFile; fileRef = 25BED6B721B2314D000EBCB4 /* LLDViewDataVM.m */; };
		25BED6E221B2314E000EBCB4 /* LLDViewController.m in Sources */ = {isa = PBXBuildFile; fileRef = 25BED6B821B2314D000EBCB4 /* LLDViewController.m */; };
		25BED6E421B2314E000EBCB4 /* LDSDKConfig.m in Sources */ = {isa = PBXBuildFile; fileRef = 25BED6BD21B2314D000EBCB4 /* LDSDKConfig.m */; };
		25BED6E521B2314E000EBCB4 /* LDSDKManager.m in Sources */ = {isa = PBXBuildFile; fileRef = 25BED6BE21B2314D000EBCB4 /* LDSDKManager.m */; };
		25BED6E621B2314E000EBCB4 /* UIImage+LDExtend.m in Sources */ = {isa = PBXBuildFile; fileRef = 25BED6C121B2314D000EBCB4 /* UIImage+LDExtend.m */; };
		25BED6E721B2314E000EBCB4 /* LDSDKQQServiceImp.m in Sources */ = {isa = PBXBuildFile; fileRef = 25BED6CB21B2314D000EBCB4 /* LDSDKQQServiceImp.m */; };
		25BED6EA21B2314E000EBCB4 /* LDSDKWeiboServiceImpl.m in Sources */ = {isa = PBXBuildFile; fileRef = 25BED6D421B2314E000EBCB4 /* LDSDKWeiboServiceImpl.m */; };
		25BED6EB21B2314E000EBCB4 /* NSDictionary+LDSDKAdditions.m in Sources */ = {isa = PBXBuildFile; fileRef = 25BED6DB21B2314E000EBCB4 /* NSDictionary+LDSDKAdditions.m */; };
		25BED6EC21B2314E000EBCB4 /* NSString+LDSDKAdditions.m in Sources */ = {isa = PBXBuildFile; fileRef = 25BED6DC21B2314E000EBCB4 /* NSString+LDSDKAdditions.m */; };
		25BED6ED21B2314E000EBCB4 /* LDSDKWechatServiceImp.m in Sources */ = {isa = PBXBuildFile; fileRef = 25BED6DD21B2314E000EBCB4 /* LDSDKWechatServiceImp.m */; };
		25BED6EE21B2314E000EBCB4 /* LDSDKAliPayServiceImpl.m in Sources */ = {isa = PBXBuildFile; fileRef = 25BED6E021B2314E000EBCB4 /* LDSDKAliPayServiceImpl.m */; };
		25CAC7CD21BBAA3100F0C267 /* think.jpg in Resources */ = {isa = PBXBuildFile; fileRef = 25CAC7CC21BBAA3100F0C267 /* think.jpg */; };
		25CAC83521BBAF1100F0C267 /* media.mp4 in Resources */ = {isa = PBXBuildFile; fileRef = 25CAC83421BBAF1100F0C267 /* media.mp4 */; };
		B2E1CB74B53D4DFBF93169C4 /* libPods-LDSDKManager_SDK_Example.a in Frameworks */ = {isa = PBXBuildFile; fileRef = BF1791953689D19644724296 /* libPods-LDSDKManager_SDK_Example.a */; };
/* End PBXBuildFile section */

/* Begin PBXFileReference section */
		1A666006A6086AACBBF260AF /* MMShareMiniProgramDto.m */ = {isa = PBXFileReference; fileEncoding = 4; lastKnownFileType = sourcecode.c.objc; path = MMShareMiniProgramDto.m; sourceTree = "<group>"; };
		1A66600A9EE8BBE7F1549CDF /* MMResultDto.m */ = {isa = PBXFileReference; fileEncoding = 4; lastKnownFileType = sourcecode.c.objc; path = MMResultDto.m; sourceTree = "<group>"; };
		1A666104BE4EE4F90B3F7772 /* LLDPlatformDto.h */ = {isa = PBXFileReference; fileEncoding = 4; lastKnownFileType = sourcecode.c.h; path = LLDPlatformDto.h; sourceTree = "<group>"; };
		1A66611B79FA9885F8402C13 /* LLDPlatformCell.h */ = {isa = PBXFileReference; fileEncoding = 4; lastKnownFileType = sourcecode.c.h; path = LLDPlatformCell.h; sourceTree = "<group>"; };
		1A666127EA405F1B53D42123 /* MMShareImageDto.m */ = {isa = PBXFileReference; fileEncoding = 4; lastKnownFileType = sourcecode.c.objc; path = MMShareImageDto.m; sourceTree = "<group>"; };
		1A6662398B5F6F551A787470 /* NSDictionary+Extend.m */ = {isa = PBXFileReference; fileEncoding = 4; lastKnownFileType = sourcecode.c.objc; path = "NSDictionary+Extend.m"; sourceTree = "<group>"; };
		1A66626813C120284EDB2F73 /* LDSDKWechatImpDataVM.m */ = {isa = PBXFileReference; fileEncoding = 4; lastKnownFileType = sourcecode.c.objc; path = LDSDKWechatImpDataVM.m; sourceTree = "<group>"; };
		1A666296CC6D522C8B773AE2 /* MMShareMiniProgramDto.h */ = {isa = PBXFileReference; fileEncoding = 4; lastKnownFileType = sourcecode.c.h; path = MMShareMiniProgramDto.h; sourceTree = "<group>"; };
		1A6662F2A12414DA553C9979 /* MMShareVideoDto.m */ = {isa = PBXFileReference; fileEncoding = 4; lastKnownFileType = sourcecode.c.objc; path = MMShareVideoDto.m; sourceTree = "<group>"; };
		1A666359181CF98B134E92ED /* QQApiObject+Extend.h */ = {isa = PBXFileReference; fileEncoding = 4; lastKnownFileType = sourcecode.c.h; path = "QQApiObject+Extend.h"; sourceTree = "<group>"; };
		1A6663679474BC69B8273C51 /* WechatApiExtend.m */ = {isa = PBXFileReference; fileEncoding = 4; lastKnownFileType = sourcecode.c.objc; path = WechatApiExtend.m; sourceTree = "<group>"; };
		1A6663E9D0D44DBAF04D7A7A /* LLDPlatformCell.m */ = {isa = PBXFileReference; fileEncoding = 4; lastKnownFileType = sourcecode.c.objc; path = LLDPlatformCell.m; sourceTree = "<group>"; };
		1A6664A4AB6ADA0ED0DD23F2 /* LDSDKManagerDataVM.m */ = {isa = PBXFileReference; fileEncoding = 4; lastKnownFileType = sourcecode.c.objc; path = LDSDKManagerDataVM.m; sourceTree = "<group>"; };
		1A66654E3190D7B8087A5D9E /* LDSDKQQServiceImpDataVM.h */ = {isa = PBXFileReference; fileEncoding = 4; lastKnownFileType = sourcecode.c.h; path = LDSDKQQServiceImpDataVM.h; sourceTree = "<group>"; };
		1A6665D40CCA81503F5A8C8A /* WechatApiExtend.h */ = {isa = PBXFileReference; fileEncoding = 4; lastKnownFileType = sourcecode.c.h; path = WechatApiExtend.h; sourceTree = "<group>"; };
		1A6665F1140CFB91B8D12FA9 /* MMShareTextDto.m */ = {isa = PBXFileReference; fileEncoding = 4; lastKnownFileType = sourcecode.c.objc; path = MMShareTextDto.m; sourceTree = "<group>"; };
		1A66666B817436827BAD2721 /* MMBaseShareDto.h */ = {isa = PBXFileReference; fileEncoding = 4; lastKnownFileType = sourcecode.c.h; path = MMBaseShareDto.h; sourceTree = "<group>"; };
		1A6666C6950E57ACAAC59924 /* LDSDKShareDataVMService.h */ = {isa = PBXFileReference; fileEncoding = 4; lastKnownFileType = sourcecode.c.h; path = LDSDKShareDataVMService.h; sourceTree = "<group>"; };
		1A6666D2372D556033B08462 /* LDSDKQQServiceImpDataVM.m */ = {isa = PBXFileReference; fileEncoding = 4; lastKnownFileType = sourcecode.c.objc; path = LDSDKQQServiceImpDataVM.m; sourceTree = "<group>"; };
		1A66670D1869E685D41869FA /* MMShareImageDto.h */ = {isa = PBXFileReference; fileEncoding = 4; lastKnownFileType = sourcecode.c.h; path = MMShareImageDto.h; sourceTree = "<group>"; };
		1A66679CCDEC302BCB1E5514 /* LLDPlatformDto.m */ = {isa = PBXFileReference; fileEncoding = 4; lastKnownFileType = sourcecode.c.objc; path = LLDPlatformDto.m; sourceTree = "<group>"; };
		1A66679D08FA77FE49090CF5 /* MMShareFileDto.m */ = {isa = PBXFileReference; fileEncoding = 4; lastKnownFileType = sourcecode.c.objc; path = MMShareFileDto.m; sourceTree = "<group>"; };
		1A6667AC0ACE7C813E263B62 /* MMResultDto.h */ = {isa = PBXFileReference; fileEncoding = 4; lastKnownFileType = sourcecode.c.h; path = MMResultDto.h; sourceTree = "<group>"; };
		1A6667E1CA4C5465DBD20423 /* MMDto.h */ = {isa = PBXFileReference; fileEncoding = 4; lastKnownFileType = sourcecode.c.h; path = MMDto.h; sourceTree = "<group>"; };
		1A66683DE2E650FCDEEA7AE6 /* MMDto.m */ = {isa = PBXFileReference; fileEncoding = 4; lastKnownFileType = sourcecode.c.objc; path = MMDto.m; sourceTree = "<group>"; };
		1A6668C33E0DEC8B07D8C0E6 /* LDSDKHandleURLProtocol.h */ = {isa = PBXFileReference; fileEncoding = 4; lastKnownFileType = sourcecode.c.h; path = LDSDKHandleURLProtocol.h; sourceTree = "<group>"; };
		1A666968C480A1A6C6DD1D48 /* WBMessageObject+Extend.m */ = {isa = PBXFileReference; fileEncoding = 4; lastKnownFileType = sourcecode.c.objc; path = "WBMessageObject+Extend.m"; sourceTree = "<group>"; };
		1A66699F9DE521FB9D32C88D /* MMShareFileDto.h */ = {isa = PBXFileReference; fileEncoding = 4; lastKnownFileType = sourcecode.c.h; path = MMShareFileDto.h; sourceTree = "<group>"; };
		1A6669E4450075018B7F50F7 /* MMShareAudioDto.h */ = {isa = PBXFileReference; fileEncoding = 4; lastKnownFileType = sourcecode.c.h; path = MMShareAudioDto.h; sourceTree = "<group>"; };
		1A666A21677C2B492E9100CE /* LDSDKExtendProtocol.h */ = {isa = PBXFileReference; fileEncoding = 4; lastKnownFileType = sourcecode.c.h; path = LDSDKExtendProtocol.h; sourceTree = "<group>"; };
		1A666A61666B776D31289793 /* MMShareConfigDto.h */ = {isa = PBXFileReference; fileEncoding = 4; lastKnownFileType = sourcecode.c.h; path = MMShareConfigDto.h; sourceTree = "<group>"; };
		1A666A647DD6544631A52487 /* LLDPlatform.json */ = {isa = PBXFileReference; fileEncoding = 4; lastKnownFileType = text.json; path = LLDPlatform.json; sourceTree = "<group>"; };
		1A666C55E8D06A08183CC200 /* MMShareNewsDto.m */ = {isa = PBXFileReference; fileEncoding = 4; lastKnownFileType = sourcecode.c.objc; path = MMShareNewsDto.m; sourceTree = "<group>"; };
		1A666C958CAAE2B2351C0C91 /* LDSDKWeiboDataVM.h */ = {isa = PBXFileReference; fileEncoding = 4; lastKnownFileType = sourcecode.c.h; path = LDSDKWeiboDataVM.h; sourceTree = "<group>"; };
		1A666CF12E056EC4A8D23A3D /* LDSDKWeiboDataVM.m */ = {isa = PBXFileReference; fileEncoding = 4; lastKnownFileType = sourcecode.c.objc; path = LDSDKWeiboDataVM.m; sourceTree = "<group>"; };
		1A666CFEB5DD4366A46A29C8 /* LDNetworkManager.m */ = {isa = PBXFileReference; fileEncoding = 4; lastKnownFileType = sourcecode.c.objc; path = LDNetworkManager.m; sourceTree = "<group>"; };
		1A666D2CBA461049575B8C7A /* QQApiObject+Extend.m */ = {isa = PBXFileReference; fileEncoding = 4; lastKnownFileType = sourcecode.c.objc; path = "QQApiObject+Extend.m"; sourceTree = "<group>"; };
		1A666DB70B60159947D421E1 /* LDSDKWechatImpDataVM.h */ = {isa = PBXFileReference; fileEncoding = 4; lastKnownFileType = sourcecode.c.h; path = LDSDKWechatImpDataVM.h; sourceTree = "<group>"; };
		1A666DD0795A4B5F900816A0 /* NSDictionary+Extend.h */ = {isa = PBXFileReference; fileEncoding = 4; lastKnownFileType = sourcecode.c.h; path = "NSDictionary+Extend.h"; sourceTree = "<group>"; };
		1A666DEE695E8D87C2BDDAFD /* NSString+Extend.m */ = {isa = PBXFileReference; fileEncoding = 4; lastKnownFileType = sourcecode.c.objc; path = "NSString+Extend.m"; sourceTree = "<group>"; };
		1A666E17BC92E5C1505C372B /* MMBaseShareDto.m */ = {isa = PBXFileReference; fileEncoding = 4; lastKnownFileType = sourcecode.c.objc; path = MMBaseShareDto.m; sourceTree = "<group>"; };
		1A666E59EF570465593128F9 /* NSString+Extend.h */ = {isa = PBXFileReference; fileEncoding = 4; lastKnownFileType = sourcecode.c.h; path = "NSString+Extend.h"; sourceTree = "<group>"; };
		1A666E6057B5312757C577CE /* MMShareVideoDto.h */ = {isa = PBXFileReference; fileEncoding = 4; lastKnownFileType = sourcecode.c.h; path = MMShareVideoDto.h; sourceTree = "<group>"; };
		1A666E760BA7309EEB425C43 /* LDNetworkManager.h */ = {isa = PBXFileReference; fileEncoding = 4; lastKnownFileType = sourcecode.c.h; path = LDNetworkManager.h; sourceTree = "<group>"; };
		1A666EB9DB47880B1B38ED8B /* LDSDKManagerDataVM.h */ = {isa = PBXFileReference; fileEncoding = 4; lastKnownFileType = sourcecode.c.h; path = LDSDKManagerDataVM.h; sourceTree = "<group>"; };
		1A666F27228669CA8AC00880 /* WBMessageObject+Extend.h */ = {isa = PBXFileReference; fileEncoding = 4; lastKnownFileType = sourcecode.c.h; path = "WBMessageObject+Extend.h"; sourceTree = "<group>"; };
		1A666F5626AE94F6428DB586 /* MMShareTextDto.h */ = {isa = PBXFileReference; fileEncoding = 4; lastKnownFileType = sourcecode.c.h; path = MMShareTextDto.h; sourceTree = "<group>"; };
		1A666F875F698D73AF04ECAE /* MMShareNewsDto.h */ = {isa = PBXFileReference; fileEncoding = 4; lastKnownFileType = sourcecode.c.h; path = MMShareNewsDto.h; sourceTree = "<group>"; };
		1A666F8C94A607AEDC1EBB1A /* MMShareConfigDto.m */ = {isa = PBXFileReference; fileEncoding = 4; lastKnownFileType = sourcecode.c.objc; path = MMShareConfigDto.m; sourceTree = "<group>"; };
		1A666F9BFE6FE0D39437114E /* MMShareAudioDto.m */ = {isa = PBXFileReference; fileEncoding = 4; lastKnownFileType = sourcecode.c.objc; path = MMShareAudioDto.m; sourceTree = "<group>"; };
		25BED69C21B23078000EBCB4 /* LDSDKManager_SDK_Example.app */ = {isa = PBXFileReference; explicitFileType = wrapper.application; includeInIndex = 0; path = LDSDKManager_SDK_Example.app; sourceTree = BUILT_PRODUCTS_DIR; };
		25BED69F21B23078000EBCB4 /* AppDelegate.h */ = {isa = PBXFileReference; lastKnownFileType = sourcecode.c.h; path = AppDelegate.h; sourceTree = "<group>"; };
		25BED6A021B23078000EBCB4 /* AppDelegate.m */ = {isa = PBXFileReference; lastKnownFileType = sourcecode.c.objc; path = AppDelegate.m; sourceTree = "<group>"; };
		25BED6A221B23078000EBCB4 /* ViewController.h */ = {isa = PBXFileReference; lastKnownFileType = sourcecode.c.h; path = ViewController.h; sourceTree = "<group>"; };
		25BED6A321B23078000EBCB4 /* ViewController.m */ = {isa = PBXFileReference; lastKnownFileType = sourcecode.c.objc; path = ViewController.m; sourceTree = "<group>"; };
		25BED6A621B23078000EBCB4 /* Base */ = {isa = PBXFileReference; lastKnownFileType = file.storyboard; name = Base; path = Base.lproj/Main.storyboard; sourceTree = "<group>"; };
		25BED6A821B23079000EBCB4 /* Assets.xcassets */ = {isa = PBXFileReference; lastKnownFileType = folder.assetcatalog; path = Assets.xcassets; sourceTree = "<group>"; };
		25BED6AB21B23079000EBCB4 /* Base */ = {isa = PBXFileReference; lastKnownFileType = file.storyboard; name = Base; path = Base.lproj/LaunchScreen.storyboard; sourceTree = "<group>"; };
		25BED6AD21B23079000EBCB4 /* Info.plist */ = {isa = PBXFileReference; lastKnownFileType = text.plist.xml; path = Info.plist; sourceTree = "<group>"; };
		25BED6AE21B23079000EBCB4 /* main.m */ = {isa = PBXFileReference; lastKnownFileType = sourcecode.c.objc; path = main.m; sourceTree = "<group>"; };
		25BED6B621B2314D000EBCB4 /* LLDViewController.h */ = {isa = PBXFileReference; fileEncoding = 4; lastKnownFileType = sourcecode.c.h; path = LLDViewController.h; sourceTree = "<group>"; };
		25BED6B721B2314D000EBCB4 /* LLDViewDataVM.m */ = {isa = PBXFileReference; fileEncoding = 4; lastKnownFileType = sourcecode.c.objc; path = LLDViewDataVM.m; sourceTree = "<group>"; };
		25BED6B821B2314D000EBCB4 /* LLDViewController.m */ = {isa = PBXFileReference; fileEncoding = 4; lastKnownFileType = sourcecode.c.objc; path = LLDViewController.m; sourceTree = "<group>"; };
		25BED6B921B2314D000EBCB4 /* LLDViewDataVM.h */ = {isa = PBXFileReference; fileEncoding = 4; lastKnownFileType = sourcecode.c.h; path = LLDViewDataVM.h; sourceTree = "<group>"; };
		25BED6BD21B2314D000EBCB4 /* LDSDKConfig.m */ = {isa = PBXFileReference; fileEncoding = 4; lastKnownFileType = sourcecode.c.objc; path = LDSDKConfig.m; sourceTree = "<group>"; };
		25BED6BE21B2314D000EBCB4 /* LDSDKManager.m */ = {isa = PBXFileReference; fileEncoding = 4; lastKnownFileType = sourcecode.c.objc; path = LDSDKManager.m; sourceTree = "<group>"; };
		25BED6C021B2314D000EBCB4 /* UIImage+LDExtend.h */ = {isa = PBXFileReference; fileEncoding = 4; lastKnownFileType = sourcecode.c.h; path = "UIImage+LDExtend.h"; sourceTree = "<group>"; };
		25BED6C121B2314D000EBCB4 /* UIImage+LDExtend.m */ = {isa = PBXFileReference; fileEncoding = 4; lastKnownFileType = sourcecode.c.objc; path = "UIImage+LDExtend.m"; sourceTree = "<group>"; };
		25BED6C321B2314D000EBCB4 /* LDSDKRegisterService.h */ = {isa = PBXFileReference; fileEncoding = 4; lastKnownFileType = sourcecode.c.h; path = LDSDKRegisterService.h; sourceTree = "<group>"; };
		25BED6C421B2314D000EBCB4 /* LDSDKPayService.h */ = {isa = PBXFileReference; fileEncoding = 4; lastKnownFileType = sourcecode.c.h; path = LDSDKPayService.h; sourceTree = "<group>"; };
		25BED6C521B2314D000EBCB4 /* LDSDKShareService.h */ = {isa = PBXFileReference; fileEncoding = 4; lastKnownFileType = sourcecode.c.h; path = LDSDKShareService.h; sourceTree = "<group>"; };
		25BED6C621B2314D000EBCB4 /* LDSDKAuthService.h */ = {isa = PBXFileReference; fileEncoding = 4; lastKnownFileType = sourcecode.c.h; path = LDSDKAuthService.h; sourceTree = "<group>"; };
		25BED6C721B2314D000EBCB4 /* LDSDKConfig.h */ = {isa = PBXFileReference; fileEncoding = 4; lastKnownFileType = sourcecode.c.h; path = LDSDKConfig.h; sourceTree = "<group>"; };
		25BED6C821B2314D000EBCB4 /* LDSDKManager.h */ = {isa = PBXFileReference; fileEncoding = 4; lastKnownFileType = sourcecode.c.h; path = LDSDKManager.h; sourceTree = "<group>"; };
		25BED6CA21B2314D000EBCB4 /* LDSDKQQServiceImp.h */ = {isa = PBXFileReference; fileEncoding = 4; lastKnownFileType = sourcecode.c.h; path = LDSDKQQServiceImp.h; sourceTree = "<group>"; };
		25BED6CB21B2314D000EBCB4 /* LDSDKQQServiceImp.m */ = {isa = PBXFileReference; fileEncoding = 4; lastKnownFileType = sourcecode.c.objc; path = LDSDKQQServiceImp.m; sourceTree = "<group>"; };
		25BED6D421B2314E000EBCB4 /* LDSDKWeiboServiceImpl.m */ = {isa = PBXFileReference; fileEncoding = 4; lastKnownFileType = sourcecode.c.objc; path = LDSDKWeiboServiceImpl.m; sourceTree = "<group>"; };
		25BED6D521B2314E000EBCB4 /* LDSDKWeiboServiceImpl.h */ = {isa = PBXFileReference; fileEncoding = 4; lastKnownFileType = sourcecode.c.h; path = LDSDKWeiboServiceImpl.h; sourceTree = "<group>"; };
		25BED6D721B2314E000EBCB4 /* LDSDKWechatServiceImp.h */ = {isa = PBXFileReference; fileEncoding = 4; lastKnownFileType = sourcecode.c.h; path = LDSDKWechatServiceImp.h; sourceTree = "<group>"; };
		25BED6D921B2314E000EBCB4 /* NSString+LDSDKAdditions.h */ = {isa = PBXFileReference; fileEncoding = 4; lastKnownFileType = sourcecode.c.h; path = "NSString+LDSDKAdditions.h"; sourceTree = "<group>"; };
		25BED6DA21B2314E000EBCB4 /* NSDictionary+LDSDKAdditions.h */ = {isa = PBXFileReference; fileEncoding = 4; lastKnownFileType = sourcecode.c.h; path = "NSDictionary+LDSDKAdditions.h"; sourceTree = "<group>"; };
		25BED6DB21B2314E000EBCB4 /* NSDictionary+LDSDKAdditions.m */ = {isa = PBXFileReference; fileEncoding = 4; lastKnownFileType = sourcecode.c.objc; path = "NSDictionary+LDSDKAdditions.m"; sourceTree = "<group>"; };
		25BED6DC21B2314E000EBCB4 /* NSString+LDSDKAdditions.m */ = {isa = PBXFileReference; fileEncoding = 4; lastKnownFileType = sourcecode.c.objc; path = "NSString+LDSDKAdditions.m"; sourceTree = "<group>"; };
		25BED6DD21B2314E000EBCB4 /* LDSDKWechatServiceImp.m */ = {isa = PBXFileReference; fileEncoding = 4; lastKnownFileType = sourcecode.c.objc; path = LDSDKWechatServiceImp.m; sourceTree = "<group>"; };
		25BED6DF21B2314E000EBCB4 /* LDSDKAliPayServiceImpl.h */ = {isa = PBXFileReference; fileEncoding = 4; lastKnownFileType = sourcecode.c.h; path = LDSDKAliPayServiceImpl.h; sourceTree = "<group>"; };
		25BED6E021B2314E000EBCB4 /* LDSDKAliPayServiceImpl.m */ = {isa = PBXFileReference; fileEncoding = 4; lastKnownFileType = sourcecode.c.objc; path = LDSDKAliPayServiceImpl.m; sourceTree = "<group>"; };
		25CAC7CC21BBAA3100F0C267 /* think.jpg */ = {isa = PBXFileReference; lastKnownFileType = image.jpeg; path = think.jpg; sourceTree = "<group>"; };
		25CAC83421BBAF1100F0C267 /* media.mp4 */ = {isa = PBXFileReference; lastKnownFileType = file; path = media.mp4; sourceTree = "<group>"; };
		3AFE1F751C1EB2644AC27411 /* Pods-LDSDKManager_SDK_Example.release.xcconfig */ = {isa = PBXFileReference; includeInIndex = 1; lastKnownFileType = text.xcconfig; name = "Pods-LDSDKManager_SDK_Example.release.xcconfig"; path = "Pods/Target Support Files/Pods-LDSDKManager_SDK_Example/Pods-LDSDKManager_SDK_Example.release.xcconfig"; sourceTree = "<group>"; };
		8C0F1DEECEE86B18FBC6A0CA /* Pods-LDSDKManager_SDK_Example.debug.xcconfig */ = {isa = PBXFileReference; includeInIndex = 1; lastKnownFileType = text.xcconfig; name = "Pods-LDSDKManager_SDK_Example.debug.xcconfig"; path = "Pods/Target Support Files/Pods-LDSDKManager_SDK_Example/Pods-LDSDKManager_SDK_Example.debug.xcconfig"; sourceTree = "<group>"; };
		BF1791953689D19644724296 /* libPods-LDSDKManager_SDK_Example.a */ = {isa = PBXFileReference; explicitFileType = archive.ar; includeInIndex = 0; path = "libPods-LDSDKManager_SDK_Example.a"; sourceTree = BUILT_PRODUCTS_DIR; };
/* End PBXFileReference section */

/* Begin PBXFrameworksBuildPhase section */
		25BED69921B23078000EBCB4 /* Frameworks */ = {
			isa = PBXFrameworksBuildPhase;
			buildActionMask = 2147483647;
			files = (
				B2E1CB74B53D4DFBF93169C4 /* libPods-LDSDKManager_SDK_Example.a in Frameworks */,
			);
			runOnlyForDeploymentPostprocessing = 0;
		};
/* End PBXFrameworksBuildPhase section */

/* Begin PBXGroup section */
		13D8A04FEBE2B7634A5BFFFF /* Pods */ = {
			isa = PBXGroup;
			children = (
				8C0F1DEECEE86B18FBC6A0CA /* Pods-LDSDKManager_SDK_Example.debug.xcconfig */,
				3AFE1F751C1EB2644AC27411 /* Pods-LDSDKManager_SDK_Example.release.xcconfig */,
			);
			name = Pods;
			sourceTree = "<group>";
		};
		18F78CFB692A8B3B4F8FD82C /* Frameworks */ = {
			isa = PBXGroup;
			children = (
				BF1791953689D19644724296 /* libPods-LDSDKManager_SDK_Example.a */,
			);
			name = Frameworks;
			sourceTree = "<group>";
		};
		1A66622225E99B7016F4458B /* Net */ = {
			isa = PBXGroup;
			children = (
				1A666CFEB5DD4366A46A29C8 /* LDNetworkManager.m */,
				1A666E760BA7309EEB425C43 /* LDNetworkManager.h */,
			);
			path = Net;
			sourceTree = "<group>";
		};
		1A666DEF637993C5C1742BA1 /* Dtos */ = {
			isa = PBXGroup;
			children = (
				1A66683DE2E650FCDEEA7AE6 /* MMDto.m */,
				1A6667E1CA4C5465DBD20423 /* MMDto.h */,
				1A666E17BC92E5C1505C372B /* MMBaseShareDto.m */,
				1A66666B817436827BAD2721 /* MMBaseShareDto.h */,
				1A6665F1140CFB91B8D12FA9 /* MMShareTextDto.m */,
				1A666F5626AE94F6428DB586 /* MMShareTextDto.h */,
				1A666127EA405F1B53D42123 /* MMShareImageDto.m */,
				1A66670D1869E685D41869FA /* MMShareImageDto.h */,
				1A666F9BFE6FE0D39437114E /* MMShareAudioDto.m */,
				1A6669E4450075018B7F50F7 /* MMShareAudioDto.h */,
				1A666C55E8D06A08183CC200 /* MMShareNewsDto.m */,
				1A666F875F698D73AF04ECAE /* MMShareNewsDto.h */,
				1A6662F2A12414DA553C9979 /* MMShareVideoDto.m */,
				1A666E6057B5312757C577CE /* MMShareVideoDto.h */,
				1A666F8C94A607AEDC1EBB1A /* MMShareConfigDto.m */,
				1A666A61666B776D31289793 /* MMShareConfigDto.h */,
				1A66600A9EE8BBE7F1549CDF /* MMResultDto.m */,
				1A6667AC0ACE7C813E263B62 /* MMResultDto.h */,
				1A66679D08FA77FE49090CF5 /* MMShareFileDto.m */,
				1A66699F9DE521FB9D32C88D /* MMShareFileDto.h */,
				1A666006A6086AACBBF260AF /* MMShareMiniProgramDto.m */,
				1A666296CC6D522C8B773AE2 /* MMShareMiniProgramDto.h */,
			);
			path = Dtos;
			sourceTree = "<group>";
		};
		25BED69321B23078000EBCB4 = {
			isa = PBXGroup;
			children = (
				25BED6EF21B232AE000EBCB4 /* Source */,
				25BED6B521B2314D000EBCB4 /* Code */,
				25BED6BA21B2314D000EBCB4 /* LDSDKManager */,
				25BED69E21B23078000EBCB4 /* LDSDKManager_SDK_Example */,
				25BED69D21B23078000EBCB4 /* Products */,
				13D8A04FEBE2B7634A5BFFFF /* Pods */,
				18F78CFB692A8B3B4F8FD82C /* Frameworks */,
			);
			sourceTree = "<group>";
		};
		25BED69D21B23078000EBCB4 /* Products */ = {
			isa = PBXGroup;
			children = (
				25BED69C21B23078000EBCB4 /* LDSDKManager_SDK_Example.app */,
			);
			name = Products;
			sourceTree = "<group>";
		};
		25BED69E21B23078000EBCB4 /* LDSDKManager_SDK_Example */ = {
			isa = PBXGroup;
			children = (
				25BED69F21B23078000EBCB4 /* AppDelegate.h */,
				25BED6A021B23078000EBCB4 /* AppDelegate.m */,
				25BED6A221B23078000EBCB4 /* ViewController.h */,
				25BED6A321B23078000EBCB4 /* ViewController.m */,
				25BED6A521B23078000EBCB4 /* Main.storyboard */,
				25BED6AA21B23079000EBCB4 /* LaunchScreen.storyboard */,
				25BED6AD21B23079000EBCB4 /* Info.plist */,
				25BED6AE21B23079000EBCB4 /* main.m */,
			);
			path = LDSDKManager_SDK_Example;
			sourceTree = "<group>";
		};
		25BED6B521B2314D000EBCB4 /* Code */ = {
			isa = PBXGroup;
			children = (
				25BED6B621B2314D000EBCB4 /* LLDViewController.h */,
				25BED6B721B2314D000EBCB4 /* LLDViewDataVM.m */,
				25BED6B821B2314D000EBCB4 /* LLDViewController.m */,
				25BED6B921B2314D000EBCB4 /* LLDViewDataVM.h */,
				1A66679CCDEC302BCB1E5514 /* LLDPlatformDto.m */,
				1A666104BE4EE4F90B3F7772 /* LLDPlatformDto.h */,
				1A666A647DD6544631A52487 /* LLDPlatform.json */,
				1A6663E9D0D44DBAF04D7A7A /* LLDPlatformCell.m */,
				1A66611B79FA9885F8402C13 /* LLDPlatformCell.h */,
			);
			path = Code;
			sourceTree = "<group>";
		};
		25BED6BA21B2314D000EBCB4 /* LDSDKManager */ = {
			isa = PBXGroup;
			children = (
				25BED6BB21B2314D000EBCB4 /* CoreService */,
				25BED6C921B2314D000EBCB4 /* QQPlatform */,
				25BED6D321B2314E000EBCB4 /* WeiboPlatform */,
				25BED6D621B2314E000EBCB4 /* WechatPlatform */,
				25BED6DE21B2314E000EBCB4 /* AlipayPlatform */,
			);
			path = LDSDKManager;
			sourceTree = "<group>";
		};
		25BED6BB21B2314D000EBCB4 /* CoreService */ = {
			isa = PBXGroup;
			children = (
				25BED6BD21B2314D000EBCB4 /* LDSDKConfig.m */,
				25BED6BE21B2314D000EBCB4 /* LDSDKManager.m */,
				25BED6BF21B2314D000EBCB4 /* SDKServiceUtils */,
				25BED6C221B2314D000EBCB4 /* SDKServiceInterface */,
				25BED6C721B2314D000EBCB4 /* LDSDKConfig.h */,
				25BED6C821B2314D000EBCB4 /* LDSDKManager.h */,
				1A6664A4AB6ADA0ED0DD23F2 /* LDSDKManagerDataVM.m */,
				1A666EB9DB47880B1B38ED8B /* LDSDKManagerDataVM.h */,
				1A666DEF637993C5C1742BA1 /* Dtos */,
				1A66622225E99B7016F4458B /* Net */,
			);
			path = CoreService;
			sourceTree = "<group>";
		};
		25BED6BF21B2314D000EBCB4 /* SDKServiceUtils */ = {
			isa = PBXGroup;
			children = (
				25BED6C021B2314D000EBCB4 /* UIImage+LDExtend.h */,
				25BED6C121B2314D000EBCB4 /* UIImage+LDExtend.m */,
				1A666DEE695E8D87C2BDDAFD /* NSString+Extend.m */,
				1A666E59EF570465593128F9 /* NSString+Extend.h */,
				1A6662398B5F6F551A787470 /* NSDictionary+Extend.m */,
				1A666DD0795A4B5F900816A0 /* NSDictionary+Extend.h */,
			);
			path = SDKServiceUtils;
			sourceTree = "<group>";
		};
		25BED6C221B2314D000EBCB4 /* SDKServiceInterface */ = {
			isa = PBXGroup;
			children = (
				25BED6C321B2314D000EBCB4 /* LDSDKRegisterService.h */,
				25BED6C421B2314D000EBCB4 /* LDSDKPayService.h */,
				25BED6C521B2314D000EBCB4 /* LDSDKShareService.h */,
				25BED6C621B2314D000EBCB4 /* LDSDKAuthService.h */,
				1A6666C6950E57ACAAC59924 /* LDSDKShareDataVMService.h */,
				1A666A21677C2B492E9100CE /* LDSDKExtendProtocol.h */,
				1A6668C33E0DEC8B07D8C0E6 /* LDSDKHandleURLProtocol.h */,
			);
			path = SDKServiceInterface;
			sourceTree = "<group>";
		};
		25BED6C921B2314D000EBCB4 /* QQPlatform */ = {
			isa = PBXGroup;
			children = (
				25BED6CA21B2314D000EBCB4 /* LDSDKQQServiceImp.h */,
				25BED6CB21B2314D000EBCB4 /* LDSDKQQServiceImp.m */,
				1A6666D2372D556033B08462 /* LDSDKQQServiceImpDataVM.m */,
				1A66654E3190D7B8087A5D9E /* LDSDKQQServiceImpDataVM.h */,
				1A666D2CBA461049575B8C7A /* QQApiObject+Extend.m */,
				1A666359181CF98B134E92ED /* QQApiObject+Extend.h */,
			);
			path = QQPlatform;
			sourceTree = "<group>";
		};
		25BED6D321B2314E000EBCB4 /* WeiboPlatform */ = {
			isa = PBXGroup;
			children = (
				25BED6D421B2314E000EBCB4 /* LDSDKWeiboServiceImpl.m */,
				25BED6D521B2314E000EBCB4 /* LDSDKWeiboServiceImpl.h */,
				1A666968C480A1A6C6DD1D48 /* WBMessageObject+Extend.m */,
				1A666F27228669CA8AC00880 /* WBMessageObject+Extend.h */,
				1A666CF12E056EC4A8D23A3D /* LDSDKWeiboDataVM.m */,
				1A666C958CAAE2B2351C0C91 /* LDSDKWeiboDataVM.h */,
			);
			path = WeiboPlatform;
			sourceTree = "<group>";
		};
		25BED6D621B2314E000EBCB4 /* WechatPlatform */ = {
			isa = PBXGroup;
			children = (
				25BED6D721B2314E000EBCB4 /* LDSDKWechatServiceImp.h */,
				25BED6D821B2314E000EBCB4 /* WechatCommon */,
				25BED6DD21B2314E000EBCB4 /* LDSDKWechatServiceImp.m */,
				1A66626813C120284EDB2F73 /* LDSDKWechatImpDataVM.m */,
				1A666DB70B60159947D421E1 /* LDSDKWechatImpDataVM.h */,
				1A6663679474BC69B8273C51 /* WechatApiExtend.m */,
				1A6665D40CCA81503F5A8C8A /* WechatApiExtend.h */,
			);
			path = WechatPlatform;
			sourceTree = "<group>";
		};
		25BED6D821B2314E000EBCB4 /* WechatCommon */ = {
			isa = PBXGroup;
			children = (
				25BED6D921B2314E000EBCB4 /* NSString+LDSDKAdditions.h */,
				25BED6DA21B2314E000EBCB4 /* NSDictionary+LDSDKAdditions.h */,
				25BED6DB21B2314E000EBCB4 /* NSDictionary+LDSDKAdditions.m */,
				25BED6DC21B2314E000EBCB4 /* NSString+LDSDKAdditions.m */,
			);
			path = WechatCommon;
			sourceTree = "<group>";
		};
		25BED6DE21B2314E000EBCB4 /* AlipayPlatform */ = {
			isa = PBXGroup;
			children = (
				25BED6DF21B2314E000EBCB4 /* LDSDKAliPayServiceImpl.h */,
				25BED6E021B2314E000EBCB4 /* LDSDKAliPayServiceImpl.m */,
			);
			path = AlipayPlatform;
			sourceTree = "<group>";
		};
		25BED6EF21B232AE000EBCB4 /* Source */ = {
			isa = PBXGroup;
			children = (
				25CAC83421BBAF1100F0C267 /* media.mp4 */,
				25CAC7CC21BBAA3100F0C267 /* think.jpg */,
				25BED6A821B23079000EBCB4 /* Assets.xcassets */,
			);
			path = Source;
			sourceTree = "<group>";
		};
/* End PBXGroup section */

/* Begin PBXNativeTarget section */
		25BED69B21B23078000EBCB4 /* LDSDKManager_SDK_Example */ = {
			isa = PBXNativeTarget;
			buildConfigurationList = 25BED6B221B23079000EBCB4 /* Build configuration list for PBXNativeTarget "LDSDKManager_SDK_Example" */;
			buildPhases = (
				4741B4BD009809A02C0BAB06 /* [CP] Check Pods Manifest.lock */,
				25BED69821B23078000EBCB4 /* Sources */,
				25BED69921B23078000EBCB4 /* Frameworks */,
				25BED69A21B23078000EBCB4 /* Resources */,
				248BDF0BE44BDB92F2EC7BA7 /* [CP] Copy Pods Resources */,
			);
			buildRules = (
			);
			dependencies = (
			);
			name = LDSDKManager_SDK_Example;
			productName = LDSDKManager_SDK_Example;
			productReference = 25BED69C21B23078000EBCB4 /* LDSDKManager_SDK_Example.app */;
			productType = "com.apple.product-type.application";
		};
/* End PBXNativeTarget section */

/* Begin PBXProject section */
		25BED69421B23078000EBCB4 /* Project object */ = {
			isa = PBXProject;
			attributes = {
				LastUpgradeCheck = 1010;
				ORGANIZATIONNAME = majiancheng;
				TargetAttributes = {
					25BED69B21B23078000EBCB4 = {
						CreatedOnToolsVersion = 10.1;
					};
				};
			};
			buildConfigurationList = 25BED69721B23078000EBCB4 /* Build configuration list for PBXProject "LDSDKManager_SDK_Example" */;
			compatibilityVersion = "Xcode 9.3";
			developmentRegion = en;
			hasScannedForEncodings = 0;
			knownRegions = (
				en,
				Base,
			);
			mainGroup = 25BED69321B23078000EBCB4;
			productRefGroup = 25BED69D21B23078000EBCB4 /* Products */;
			projectDirPath = "";
			projectRoot = "";
			targets = (
				25BED69B21B23078000EBCB4 /* LDSDKManager_SDK_Example */,
			);
		};
/* End PBXProject section */

/* Begin PBXResourcesBuildPhase section */
		25BED69A21B23078000EBCB4 /* Resources */ = {
			isa = PBXResourcesBuildPhase;
			buildActionMask = 2147483647;
			files = (
				25CAC83521BBAF1100F0C267 /* media.mp4 in Resources */,
				25BED6AC21B23079000EBCB4 /* LaunchScreen.storyboard in Resources */,
				25CAC7CD21BBAA3100F0C267 /* think.jpg in Resources */,
				25BED6A921B23079000EBCB4 /* Assets.xcassets in Resources */,
				25BED6A721B23078000EBCB4 /* Main.storyboard in Resources */,
				1A6663A4A5D580317765E6E9 /* LLDPlatform.json in Resources */,
			);
			runOnlyForDeploymentPostprocessing = 0;
		};
/* End PBXResourcesBuildPhase section */

/* Begin PBXShellScriptBuildPhase section */
		248BDF0BE44BDB92F2EC7BA7 /* [CP] Copy Pods Resources */ = {
			isa = PBXShellScriptBuildPhase;
			buildActionMask = 2147483647;
			files = (
			);
			inputPaths = (
				"${SRCROOT}/Pods/Target Support Files/Pods-LDSDKManager_SDK_Example/Pods-LDSDKManager_SDK_Example-resources.sh",
				"${PODS_ROOT}/AlipaySDK-iOS/AlipaySDK.bundle",
				"${PODS_ROOT}/Weibo_SDK/libWeiboSDK/WeiboSDK.bundle",
			);
			name = "[CP] Copy Pods Resources";
			outputPaths = (
				"${TARGET_BUILD_DIR}/${UNLOCALIZED_RESOURCES_FOLDER_PATH}/AlipaySDK.bundle",
				"${TARGET_BUILD_DIR}/${UNLOCALIZED_RESOURCES_FOLDER_PATH}/WeiboSDK.bundle",
			);
			runOnlyForDeploymentPostprocessing = 0;
			shellPath = /bin/sh;
			shellScript = "\"${SRCROOT}/Pods/Target Support Files/Pods-LDSDKManager_SDK_Example/Pods-LDSDKManager_SDK_Example-resources.sh\"\n";
			showEnvVarsInLog = 0;
		};
		4741B4BD009809A02C0BAB06 /* [CP] Check Pods Manifest.lock */ = {
			isa = PBXShellScriptBuildPhase;
			buildActionMask = 2147483647;
			files = (
			);
			inputPaths = (
				"${PODS_PODFILE_DIR_PATH}/Podfile.lock",
				"${PODS_ROOT}/Manifest.lock",
			);
			name = "[CP] Check Pods Manifest.lock";
			outputPaths = (
				"$(DERIVED_FILE_DIR)/Pods-LDSDKManager_SDK_Example-checkManifestLockResult.txt",
			);
			runOnlyForDeploymentPostprocessing = 0;
			shellPath = /bin/sh;
			shellScript = "diff \"${PODS_PODFILE_DIR_PATH}/Podfile.lock\" \"${PODS_ROOT}/Manifest.lock\" > /dev/null\nif [ $? != 0 ] ; then\n    # print error to STDERR\n    echo \"error: The sandbox is not in sync with the Podfile.lock. Run 'pod install' or update your CocoaPods installation.\" >&2\n    exit 1\nfi\n# This output is used by Xcode 'outputs' to avoid re-running this script phase.\necho \"SUCCESS\" > \"${SCRIPT_OUTPUT_FILE_0}\"\n";
			showEnvVarsInLog = 0;
		};
/* End PBXShellScriptBuildPhase section */

/* Begin PBXSourcesBuildPhase section */
		25BED69821B23078000EBCB4 /* Sources */ = {
			isa = PBXSourcesBuildPhase;
			buildActionMask = 2147483647;
			files = (
				25BED6E621B2314E000EBCB4 /* UIImage+LDExtend.m in Sources */,
				25BED6A421B23078000EBCB4 /* ViewController.m in Sources */,
				25BED6EA21B2314E000EBCB4 /* LDSDKWeiboServiceImpl.m in Sources */,
				25BED6EC21B2314E000EBCB4 /* NSString+LDSDKAdditions.m in Sources */,
				25BED6EE21B2314E000EBCB4 /* LDSDKAliPayServiceImpl.m in Sources */,
				25BED6AF21B23079000EBCB4 /* main.m in Sources */,
				25BED6E421B2314E000EBCB4 /* LDSDKConfig.m in Sources */,
				25BED6E121B2314E000EBCB4 /* LLDViewDataVM.m in Sources */,
				25BED6A121B23078000EBCB4 /* AppDelegate.m in Sources */,
				25BED6E521B2314E000EBCB4 /* LDSDKManager.m in Sources */,
				25BED6E221B2314E000EBCB4 /* LLDViewController.m in Sources */,
				25BED6E721B2314E000EBCB4 /* LDSDKQQServiceImp.m in Sources */,
				25BED6EB21B2314E000EBCB4 /* NSDictionary+LDSDKAdditions.m in Sources */,
				25BED6ED21B2314E000EBCB4 /* LDSDKWechatServiceImp.m in Sources */,
				1A666EDFC950E1658E2BA4A3 /* LDSDKQQServiceImpDataVM.m in Sources */,
				1A6666E99753C1682E9C58B6 /* LDSDKManagerDataVM.m in Sources */,
				1A666F69734B67EEFAC26B66 /* MMDto.m in Sources */,
				1A666C621D8F79D077427166 /* MMBaseShareDto.m in Sources */,
				1A66629A598A993475C021FD /* MMShareTextDto.m in Sources */,
				1A6661AC8BE61533A2B96BE9 /* MMShareImageDto.m in Sources */,
				1A666E488B1131BD86155DC8 /* MMShareAudioDto.m in Sources */,
				1A6665C08B0EAF8CE912D5D2 /* MMShareNewsDto.m in Sources */,
				1A666C203D1FB0D283B9F7CA /* MMShareVideoDto.m in Sources */,
				1A666AFC4C4665DECE42B896 /* QQApiObject+Extend.m in Sources */,
				1A666F7A1F2F2838B5CC2116 /* MMShareConfigDto.m in Sources */,
				1A666BD1EFB4C0CFCAF3CAF5 /* LDSDKWechatImpDataVM.m in Sources */,
				1A66636E1B052BFFE79C59FF /* WechatApiExtend.m in Sources */,
				1A6663E4D7ED54C2CC1F6D3B /* MMResultDto.m in Sources */,
				1A666BF58D65BA03B6B35F11 /* WBMessageObject+Extend.m in Sources */,
				1A6661FFE48E2B346269B625 /* LDSDKWeiboDataVM.m in Sources */,
				1A666E1ECEAD6B7C5F356C31 /* LLDPlatformDto.m in Sources */,
				1A6661706C680801D41B7942 /* LLDPlatformCell.m in Sources */,
				1A666B0E84A7F2B56C134278 /* NSString+Extend.m in Sources */,
				1A666CA45BF42343110E17DC /* NSDictionary+Extend.m in Sources */,
				1A6665B3B72994118BE70B93 /* LDNetworkManager.m in Sources */,
				1A666BB0DEE76D1C29E0CB57 /* MMShareFileDto.m in Sources */,
				1A6661FFC82017D670279031 /* MMShareMiniProgramDto.m in Sources */,
			);
			runOnlyForDeploymentPostprocessing = 0;
		};
/* End PBXSourcesBuildPhase section */

/* Begin PBXVariantGroup section */
		25BED6A521B23078000EBCB4 /* Main.storyboard */ = {
			isa = PBXVariantGroup;
			children = (
				25BED6A621B23078000EBCB4 /* Base */,
			);
			name = Main.storyboard;
			sourceTree = "<group>";
		};
		25BED6AA21B23079000EBCB4 /* LaunchScreen.storyboard */ = {
			isa = PBXVariantGroup;
			children = (
				25BED6AB21B23079000EBCB4 /* Base */,
			);
			name = LaunchScreen.storyboard;
			sourceTree = "<group>";
		};
/* End PBXVariantGroup section */

/* Begin XCBuildConfiguration section */
		25BED6B021B23079000EBCB4 /* Debug */ = {
			isa = XCBuildConfiguration;
			buildSettings = {
				ALWAYS_SEARCH_USER_PATHS = NO;
				CLANG_ANALYZER_NONNULL = YES;
				CLANG_ANALYZER_NUMBER_OBJECT_CONVERSION = YES_AGGRESSIVE;
				CLANG_CXX_LANGUAGE_STANDARD = "gnu++14";
				CLANG_CXX_LIBRARY = "libc++";
				CLANG_ENABLE_MODULES = YES;
				CLANG_ENABLE_OBJC_ARC = YES;
				CLANG_ENABLE_OBJC_WEAK = YES;
				CLANG_WARN_BLOCK_CAPTURE_AUTORELEASING = YES;
				CLANG_WARN_BOOL_CONVERSION = YES;
				CLANG_WARN_COMMA = YES;
				CLANG_WARN_CONSTANT_CONVERSION = YES;
				CLANG_WARN_DEPRECATED_OBJC_IMPLEMENTATIONS = YES;
				CLANG_WARN_DIRECT_OBJC_ISA_USAGE = YES_ERROR;
				CLANG_WARN_DOCUMENTATION_COMMENTS = YES;
				CLANG_WARN_EMPTY_BODY = YES;
				CLANG_WARN_ENUM_CONVERSION = YES;
				CLANG_WARN_INFINITE_RECURSION = YES;
				CLANG_WARN_INT_CONVERSION = YES;
				CLANG_WARN_NON_LITERAL_NULL_CONVERSION = YES;
				CLANG_WARN_OBJC_IMPLICIT_RETAIN_SELF = YES;
				CLANG_WARN_OBJC_LITERAL_CONVERSION = YES;
				CLANG_WARN_OBJC_ROOT_CLASS = YES_ERROR;
				CLANG_WARN_RANGE_LOOP_ANALYSIS = YES;
				CLANG_WARN_STRICT_PROTOTYPES = YES;
				CLANG_WARN_SUSPICIOUS_MOVE = YES;
				CLANG_WARN_UNGUARDED_AVAILABILITY = YES_AGGRESSIVE;
				CLANG_WARN_UNREACHABLE_CODE = YES;
				CLANG_WARN__DUPLICATE_METHOD_MATCH = YES;
				CODE_SIGN_IDENTITY = "iPhone Developer";
				COPY_PHASE_STRIP = NO;
				DEBUG_INFORMATION_FORMAT = dwarf;
				ENABLE_STRICT_OBJC_MSGSEND = YES;
				ENABLE_TESTABILITY = YES;
				GCC_C_LANGUAGE_STANDARD = gnu11;
				GCC_DYNAMIC_NO_PIC = NO;
				GCC_NO_COMMON_BLOCKS = YES;
				GCC_OPTIMIZATION_LEVEL = 0;
				GCC_PREPROCESSOR_DEFINITIONS = (
					"DEBUG=1",
					"$(inherited)",
				);
				GCC_WARN_64_TO_32_BIT_CONVERSION = YES;
				GCC_WARN_ABOUT_RETURN_TYPE = YES_ERROR;
				GCC_WARN_UNDECLARED_SELECTOR = YES;
				GCC_WARN_UNINITIALIZED_AUTOS = YES_AGGRESSIVE;
				GCC_WARN_UNUSED_FUNCTION = YES;
				GCC_WARN_UNUSED_VARIABLE = YES;
				IPHONEOS_DEPLOYMENT_TARGET = 12.1;
				MTL_ENABLE_DEBUG_INFO = INCLUDE_SOURCE;
				MTL_FAST_MATH = YES;
				ONLY_ACTIVE_ARCH = YES;
				SDKROOT = iphoneos;
			};
			name = Debug;
		};
		25BED6B121B23079000EBCB4 /* Release */ = {
			isa = XCBuildConfiguration;
			buildSettings = {
				ALWAYS_SEARCH_USER_PATHS = NO;
				CLANG_ANALYZER_NONNULL = YES;
				CLANG_ANALYZER_NUMBER_OBJECT_CONVERSION = YES_AGGRESSIVE;
				CLANG_CXX_LANGUAGE_STANDARD = "gnu++14";
				CLANG_CXX_LIBRARY = "libc++";
				CLANG_ENABLE_MODULES = YES;
				CLANG_ENABLE_OBJC_ARC = YES;
				CLANG_ENABLE_OBJC_WEAK = YES;
				CLANG_WARN_BLOCK_CAPTURE_AUTORELEASING = YES;
				CLANG_WARN_BOOL_CONVERSION = YES;
				CLANG_WARN_COMMA = YES;
				CLANG_WARN_CONSTANT_CONVERSION = YES;
				CLANG_WARN_DEPRECATED_OBJC_IMPLEMENTATIONS = YES;
				CLANG_WARN_DIRECT_OBJC_ISA_USAGE = YES_ERROR;
				CLANG_WARN_DOCUMENTATION_COMMENTS = YES;
				CLANG_WARN_EMPTY_BODY = YES;
				CLANG_WARN_ENUM_CONVERSION = YES;
				CLANG_WARN_INFINITE_RECURSION = YES;
				CLANG_WARN_INT_CONVERSION = YES;
				CLANG_WARN_NON_LITERAL_NULL_CONVERSION = YES;
				CLANG_WARN_OBJC_IMPLICIT_RETAIN_SELF = YES;
				CLANG_WARN_OBJC_LITERAL_CONVERSION = YES;
				CLANG_WARN_OBJC_ROOT_CLASS = YES_ERROR;
				CLANG_WARN_RANGE_LOOP_ANALYSIS = YES;
				CLANG_WARN_STRICT_PROTOTYPES = YES;
				CLANG_WARN_SUSPICIOUS_MOVE = YES;
				CLANG_WARN_UNGUARDED_AVAILABILITY = YES_AGGRESSIVE;
				CLANG_WARN_UNREACHABLE_CODE = YES;
				CLANG_WARN__DUPLICATE_METHOD_MATCH = YES;
				CODE_SIGN_IDENTITY = "iPhone Developer";
				COPY_PHASE_STRIP = NO;
				DEBUG_INFORMATION_FORMAT = "dwarf-with-dsym";
				ENABLE_NS_ASSERTIONS = NO;
				ENABLE_STRICT_OBJC_MSGSEND = YES;
				GCC_C_LANGUAGE_STANDARD = gnu11;
				GCC_NO_COMMON_BLOCKS = YES;
				GCC_WARN_64_TO_32_BIT_CONVERSION = YES;
				GCC_WARN_ABOUT_RETURN_TYPE = YES_ERROR;
				GCC_WARN_UNDECLARED_SELECTOR = YES;
				GCC_WARN_UNINITIALIZED_AUTOS = YES_AGGRESSIVE;
				GCC_WARN_UNUSED_FUNCTION = YES;
				GCC_WARN_UNUSED_VARIABLE = YES;
				IPHONEOS_DEPLOYMENT_TARGET = 12.1;
				MTL_ENABLE_DEBUG_INFO = NO;
				MTL_FAST_MATH = YES;
				SDKROOT = iphoneos;
				VALIDATE_PRODUCT = YES;
			};
			name = Release;
		};
		25BED6B321B23079000EBCB4 /* Debug */ = {
			isa = XCBuildConfiguration;
			baseConfigurationReference = 8C0F1DEECEE86B18FBC6A0CA /* Pods-LDSDKManager_SDK_Example.debug.xcconfig */;
			buildSettings = {
				ASSETCATALOG_COMPILER_APPICON_NAME = AppIcon;
				CODE_SIGN_STYLE = Automatic;
				DEVELOPMENT_TEAM = 6FNUHS4H7D;
				INFOPLIST_FILE = LDSDKManager_SDK_Example/Info.plist;
				LD_RUNPATH_SEARCH_PATHS = (
					"$(inherited)",
					"@executable_path/Frameworks",
				);
				LIBRARY_SEARCH_PATHS = (
					"$(inherited)",
					"$(PROJECT_DIR)/LDSDKManager/YixinPlatform/YiXinSDK",
				);
				PRODUCT_BUNDLE_IDENTIFIER = com.waqu.video;
				PRODUCT_NAME = "$(TARGET_NAME)";
				TARGETED_DEVICE_FAMILY = "1,2";
				USER_HEADER_SEARCH_PATHS = "\"${PROJECT_DIR}/Pods\"/**";
			};
			name = Debug;
		};
		25BED6B421B23079000EBCB4 /* Release */ = {
			isa = XCBuildConfiguration;
			baseConfigurationReference = 3AFE1F751C1EB2644AC27411 /* Pods-LDSDKManager_SDK_Example.release.xcconfig */;
			buildSettings = {
				ASSETCATALOG_COMPILER_APPICON_NAME = AppIcon;
				CODE_SIGN_STYLE = Automatic;
				DEVELOPMENT_TEAM = 6FNUHS4H7D;
				INFOPLIST_FILE = LDSDKManager_SDK_Example/Info.plist;
				LD_RUNPATH_SEARCH_PATHS = (
					"$(inherited)",
					"@executable_path/Frameworks",
				);
				LIBRARY_SEARCH_PATHS = (
					"$(inherited)",
					"$(PROJECT_DIR)/LDSDKManager/YixinPlatform/YiXinSDK",
				);
				PRODUCT_BUNDLE_IDENTIFIER = com.waqu.video;
				PRODUCT_NAME = "$(TARGET_NAME)";
				TARGETED_DEVICE_FAMILY = "1,2";
				USER_HEADER_SEARCH_PATHS = "\"${PROJECT_DIR}/Pods\"/**";
			};
			name = Release;
		};
/* End XCBuildConfiguration section */

/* Begin XCConfigurationList section */
		25BED69721B23078000EBCB4 /* Build configuration list for PBXProject "LDSDKManager_SDK_Example" */ = {
			isa = XCConfigurationList;
			buildConfigurations = (
				25BED6B021B23079000EBCB4 /* Debug */,
				25BED6B121B23079000EBCB4 /* Release */,
			);
			defaultConfigurationIsVisible = 0;
			defaultConfigurationName = Release;
		};
		25BED6B221B23079000EBCB4 /* Build configuration list for PBXNativeTarget "LDSDKManager_SDK_Example" */ = {
			isa = XCConfigurationList;
			buildConfigurations = (
				25BED6B321B23079000EBCB4 /* Debug */,
				25BED6B421B23079000EBCB4 /* Release */,
			);
			defaultConfigurationIsVisible = 0;
			defaultConfigurationName = Release;
		};
/* End XCConfigurationList section */
	};
	rootObject = 25BED69421B23078000EBCB4 /* Project object */;
}
